
Microsoft Visual Studio Solution File, Format Version 12.00
# Visual Studio 2013
VisualStudioVersion = 12.0.21005.1
MinimumVisualStudioVersion = 10.0.40219.1
Project("{8BC9CEB8-8B4A-11D0-8D11-00A0C91BC942}") = "oj_tutorial", "oj_tutorial\oj_tutorial.vcxproj", "{4C3D645A-4A80-487B-BE5D-20B947DF1436}"
EndProject
Project("{8BC9CEB8-8B4A-11D0-8D11-00A0C91BC942}") = "01.Introduction", "01.Introduction\01.Introduction.vcxproj", "{1B4C9531-2F16-4A17-A174-9BFB4F3F7C57}"
EndProject
Project("{8BC9CEB8-8B4A-11D0-8D11-00A0C91BC942}") = "02.vector", "02.vector\02.vector.vcxproj", "{532527BD-483F-4332-AA52-0D2208DFDC9C}"
EndProject
Project("{2150E333-8FDC-42A3-9474-1A3956D46DE8}") = "Fibnacci", "Fibnacci", "{C8506B12-64CF-411B-BC18-85DEE611E514}"
	ProjectSection(SolutionItems) = preProject
		fibnacci.h = fibnacci.h
	EndProjectSection
EndProject
Project("{8BC9CEB8-8B4A-11D0-8D11-00A0C91BC942}") = "03.list", "03.list\03.list.vcxproj", "{F9B19E5E-9D7F-4477-BE60-052E406B8C2C}"
EndProject
Project("{8BC9CEB8-8B4A-11D0-8D11-00A0C91BC942}") = "04.stack", "04.stack\04.stack.vcxproj", "{F736C1ED-41F3-4B7B-88D2-44031584C5C1}"
EndProject
Project("{8BC9CEB8-8B4A-11D0-8D11-00A0C91BC942}") = "04.queue", "04.queue\04.queue.vcxproj", "{D3D25932-5343-4B11-84A9-3AB5130B2919}"
EndProject
Project("{8BC9CEB8-8B4A-11D0-8D11-00A0C91BC942}") = "THUPA2_3_Rebuild", "THUPA2_3_Rebuild\THUPA2_3_Rebuild.vcxproj", "{51BDF209-A770-4564-968D-6001BD927B2D}"
EndProject
Project("{8BC9CEB8-8B4A-11D0-8D11-00A0C91BC942}") = "PA1_1_Range", "PA1_1_Range\PA1_1_RangeRange.vcxproj", "{78CB4CF9-2884-4D80-BC72-274622887AE4}"
EndProject
Project("{8BC9CEB8-8B4A-11D0-8D11-00A0C91BC942}") = "PA1_2_Zuma", "PA1_2_Zuma\PA1_2_Zuma.vcxproj", "{688AE3DB-416E-4550-A11D-4B605EF3A648}"
EndProject
Project("{8BC9CEB8-8B4A-11D0-8D11-00A0C91BC942}") = "PA1_3_LightHouse", "PA1_3_LightHouse\PA1_3_LightHouse.vcxproj", "{E0E3FFFE-D8AF-4076-A3C6-3D09AE3F82D0}"
EndProject
Project("{8BC9CEB8-8B4A-11D0-8D11-00A0C91BC942}") = "PA2_2_Tunel", "PA2_2_Tunel\PA2_2_Tunel.vcxproj", "{FC373A70-F95E-4297-9432-9CF613C6D766}"
EndProject
Project("{8BC9CEB8-8B4A-11D0-8D11-00A0C91BC942}") = "PA2_3_ProperRebuild", "PA2_3_ProperRebuild\PA2_3_ProperRebuild.vcxproj", "{351F017B-4824-4145-A025-BF970C88D961}"
EndProject
Project("{8BC9CEB8-8B4A-11D0-8D11-00A0C91BC942}") = "THUPA1_1_Team", "THUPA1_1_Team\THUPA1_1_Team.vcxproj", "{00268566-9D17-41D6-8F70-20808B8C9E4B}"
EndProject
Project("{8BC9CEB8-8B4A-11D0-8D11-00A0C91BC942}") = "THUPA1_2_Company", "THUPA1_2_Company\THUPA1_2_Company.vcxproj", "{2AD0F159-F99E-43F8-86CC-C672B2C4AEA4}"
EndProject
Project("{8BC9CEB8-8B4A-11D0-8D11-00A0C91BC942}") = "THUPA1_3_Interview", "THUPA1_3_Interview\THUPA1_3_Interview.vcxproj", "{2D78E790-36F2-4FDE-BF2A-EE538B20061E}"
EndProject
Project("{8BC9CEB8-8B4A-11D0-8D11-00A0C91BC942}") = "THUPA1_4_Hospital", "THUPA1_4_Hospital\THUPA1_4_Hospital.vcxproj", "{32B366EB-FF37-4433-B705-312A057E6155}"
EndProject
Project("{8BC9CEB8-8B4A-11D0-8D11-00A0C91BC942}") = "THUPA2_1_Alarm", "THUPA2_1_Alarm\THUPA2_1_Alarm.vcxproj", "{E7F0702D-34A5-4B9B-994B-1B2442AF6B58}"
EndProject
Project("{8BC9CEB8-8B4A-11D0-8D11-00A0C91BC942}") = "THUPA2_2_Train", "THUPA2_2_Train\THUPA2_2_Train.vcxproj", "{957AE24D-339D-4CDD-B057-CEA7897D66B2}"
EndProject
Project("{8BC9CEB8-8B4A-11D0-8D11-00A0C91BC942}") = "05.bintree", "05.bintree\05.bintree.vcxproj", "{46308C26-0635-46A0-B346-15A62B3A2A49}"
EndProject
Project("{8BC9CEB8-8B4A-11D0-8D11-00A0C91BC942}") = "THUPA2_4_Queap", "THUPA2_4_Queap\THUPA2_4_Queap.vcxproj", "{3AED0F63-4330-4F66-B432-EC4BF5F54388}"
EndProject
Project("{8BC9CEB8-8B4A-11D0-8D11-00A0C91BC942}") = "THUPA3_1_TravelingSalesmanProblem", "THUPA3_1_TravelingSalesmanProblem\THUPA3_1_TravelingSalesmanProblem.vcxproj", "{B51A739B-8AF1-4BF2-83C0-188899E23FAB}"
EndProject
Project("{8BC9CEB8-8B4A-11D0-8D11-00A0C91BC942}") = "PA3_1_TSP", "PA3_1_TSP\PA3_1_TSP.vcxproj", "{12345967-F55B-40B6-838E-0BFBF8869389}"
EndProject
Project("{8BC9CEB8-8B4A-11D0-8D11-00A0C91BC942}") = "06.Graph", "06.Graph\06.Graph.vcxproj", "{1E08D755-5776-4A26-8A5E-B5F1E652CD7D}"
EndProject
Global
	GlobalSection(SolutionConfigurationPlatforms) = preSolution
		Debug|Win32 = Debug|Win32
		Release|Win32 = Release|Win32
	EndGlobalSection
	GlobalSection(ProjectConfigurationPlatforms) = postSolution
		{4C3D645A-4A80-487B-BE5D-20B947DF1436}.Debug|Win32.ActiveCfg = Debug|Win32
		{4C3D645A-4A80-487B-BE5D-20B947DF1436}.Debug|Win32.Build.0 = Debug|Win32
		{4C3D645A-4A80-487B-BE5D-20B947DF1436}.Release|Win32.ActiveCfg = Release|Win32
		{4C3D645A-4A80-487B-BE5D-20B947DF1436}.Release|Win32.Build.0 = Release|Win32
		{1B4C9531-2F16-4A17-A174-9BFB4F3F7C57}.Debug|Win32.ActiveCfg = Debug|Win32
		{1B4C9531-2F16-4A17-A174-9BFB4F3F7C57}.Debug|Win32.Build.0 = Debug|Win32
		{1B4C9531-2F16-4A17-A174-9BFB4F3F7C57}.Release|Win32.ActiveCfg = Release|Win32
		{1B4C9531-2F16-4A17-A174-9BFB4F3F7C57}.Release|Win32.Build.0 = Release|Win32
		{532527BD-483F-4332-AA52-0D2208DFDC9C}.Debug|Win32.ActiveCfg = Debug|Win32
		{532527BD-483F-4332-AA52-0D2208DFDC9C}.Debug|Win32.Build.0 = Debug|Win32
		{532527BD-483F-4332-AA52-0D2208DFDC9C}.Release|Win32.ActiveCfg = Release|Win32
		{532527BD-483F-4332-AA52-0D2208DFDC9C}.Release|Win32.Build.0 = Release|Win32
		{F9B19E5E-9D7F-4477-BE60-052E406B8C2C}.Debug|Win32.ActiveCfg = Debug|Win32
		{F9B19E5E-9D7F-4477-BE60-052E406B8C2C}.Debug|Win32.Build.0 = Debug|Win32
		{F9B19E5E-9D7F-4477-BE60-052E406B8C2C}.Release|Win32.ActiveCfg = Release|Win32
		{F9B19E5E-9D7F-4477-BE60-052E406B8C2C}.Release|Win32.Build.0 = Release|Win32
		{F736C1ED-41F3-4B7B-88D2-44031584C5C1}.Debug|Win32.ActiveCfg = Debug|Win32
		{F736C1ED-41F3-4B7B-88D2-44031584C5C1}.Debug|Win32.Build.0 = Debug|Win32
		{F736C1ED-41F3-4B7B-88D2-44031584C5C1}.Release|Win32.ActiveCfg = Release|Win32
		{F736C1ED-41F3-4B7B-88D2-44031584C5C1}.Release|Win32.Build.0 = Release|Win32
		{D3D25932-5343-4B11-84A9-3AB5130B2919}.Debug|Win32.ActiveCfg = Debug|Win32
		{D3D25932-5343-4B11-84A9-3AB5130B2919}.Debug|Win32.Build.0 = Debug|Win32
		{D3D25932-5343-4B11-84A9-3AB5130B2919}.Release|Win32.ActiveCfg = Release|Win32
		{D3D25932-5343-4B11-84A9-3AB5130B2919}.Release|Win32.Build.0 = Release|Win32
		{51BDF209-A770-4564-968D-6001BD927B2D}.Debug|Win32.ActiveCfg = Debug|Win32
		{51BDF209-A770-4564-968D-6001BD927B2D}.Debug|Win32.Build.0 = Debug|Win32
		{51BDF209-A770-4564-968D-6001BD927B2D}.Release|Win32.ActiveCfg = Release|Win32
		{51BDF209-A770-4564-968D-6001BD927B2D}.Release|Win32.Build.0 = Release|Win32
		{78CB4CF9-2884-4D80-BC72-274622887AE4}.Debug|Win32.ActiveCfg = Debug|Win32
		{78CB4CF9-2884-4D80-BC72-274622887AE4}.Debug|Win32.Build.0 = Debug|Win32
		{78CB4CF9-2884-4D80-BC72-274622887AE4}.Release|Win32.ActiveCfg = Release|Win32
		{78CB4CF9-2884-4D80-BC72-274622887AE4}.Release|Win32.Build.0 = Release|Win32
		{688AE3DB-416E-4550-A11D-4B605EF3A648}.Debug|Win32.ActiveCfg = Debug|Win32
		{688AE3DB-416E-4550-A11D-4B605EF3A648}.Debug|Win32.Build.0 = Debug|Win32
		{688AE3DB-416E-4550-A11D-4B605EF3A648}.Release|Win32.ActiveCfg = Release|Win32
		{688AE3DB-416E-4550-A11D-4B605EF3A648}.Release|Win32.Build.0 = Release|Win32
		{E0E3FFFE-D8AF-4076-A3C6-3D09AE3F82D0}.Debug|Win32.ActiveCfg = Debug|Win32
		{E0E3FFFE-D8AF-4076-A3C6-3D09AE3F82D0}.Debug|Win32.Build.0 = Debug|Win32
		{E0E3FFFE-D8AF-4076-A3C6-3D09AE3F82D0}.Release|Win32.ActiveCfg = Release|Win32
		{E0E3FFFE-D8AF-4076-A3C6-3D09AE3F82D0}.Release|Win32.Build.0 = Release|Win32
		{FC373A70-F95E-4297-9432-9CF613C6D766}.Debug|Win32.ActiveCfg = Debug|Win32
		{FC373A70-F95E-4297-9432-9CF613C6D766}.Debug|Win32.Build.0 = Debug|Win32
		{FC373A70-F95E-4297-9432-9CF613C6D766}.Release|Win32.ActiveCfg = Release|Win32
		{FC373A70-F95E-4297-9432-9CF613C6D766}.Release|Win32.Build.0 = Release|Win32
		{351F017B-4824-4145-A025-BF970C88D961}.Debug|Win32.ActiveCfg = Debug|Win32
		{351F017B-4824-4145-A025-BF970C88D961}.Debug|Win32.Build.0 = Debug|Win32
		{351F017B-4824-4145-A025-BF970C88D961}.Release|Win32.ActiveCfg = Release|Win32
		{351F017B-4824-4145-A025-BF970C88D961}.Release|Win32.Build.0 = Release|Win32
		{00268566-9D17-41D6-8F70-20808B8C9E4B}.Debug|Win32.ActiveCfg = Debug|Win32
		{00268566-9D17-41D6-8F70-20808B8C9E4B}.Debug|Win32.Build.0 = Debug|Win32
		{00268566-9D17-41D6-8F70-20808B8C9E4B}.Release|Win32.ActiveCfg = Release|Win32
		{00268566-9D17-41D6-8F70-20808B8C9E4B}.Release|Win32.Build.0 = Release|Win32
		{2AD0F159-F99E-43F8-86CC-C672B2C4AEA4}.Debug|Win32.ActiveCfg = Debug|Win32
		{2AD0F159-F99E-43F8-86CC-C672B2C4AEA4}.Debug|Win32.Build.0 = Debug|Win32
		{2AD0F159-F99E-43F8-86CC-C672B2C4AEA4}.Release|Win32.ActiveCfg = Release|Win32
		{2AD0F159-F99E-43F8-86CC-C672B2C4AEA4}.Release|Win32.Build.0 = Release|Win32
		{2D78E790-36F2-4FDE-BF2A-EE538B20061E}.Debug|Win32.ActiveCfg = Debug|Win32
		{2D78E790-36F2-4FDE-BF2A-EE538B20061E}.Debug|Win32.Build.0 = Debug|Win32
		{2D78E790-36F2-4FDE-BF2A-EE538B20061E}.Release|Win32.ActiveCfg = Release|Win32
		{2D78E790-36F2-4FDE-BF2A-EE538B20061E}.Release|Win32.Build.0 = Release|Win32
		{32B366EB-FF37-4433-B705-312A057E6155}.Debug|Win32.ActiveCfg = Debug|Win32
		{32B366EB-FF37-4433-B705-312A057E6155}.Debug|Win32.Build.0 = Debug|Win32
		{32B366EB-FF37-4433-B705-312A057E6155}.Release|Win32.ActiveCfg = Release|Win32
		{32B366EB-FF37-4433-B705-312A057E6155}.Release|Win32.Build.0 = Release|Win32
		{E7F0702D-34A5-4B9B-994B-1B2442AF6B58}.Debug|Win32.ActiveCfg = Debug|Win32
		{E7F0702D-34A5-4B9B-994B-1B2442AF6B58}.Debug|Win32.Build.0 = Debug|Win32
		{E7F0702D-34A5-4B9B-994B-1B2442AF6B58}.Release|Win32.ActiveCfg = Release|Win32
		{E7F0702D-34A5-4B9B-994B-1B2442AF6B58}.Release|Win32.Build.0 = Release|Win32
		{957AE24D-339D-4CDD-B057-CEA7897D66B2}.Debug|Win32.ActiveCfg = Debug|Win32
		{957AE24D-339D-4CDD-B057-CEA7897D66B2}.Debug|Win32.Build.0 = Debug|Win32
		{957AE24D-339D-4CDD-B057-CEA7897D66B2}.Release|Win32.ActiveCfg = Release|Win32
		{957AE24D-339D-4CDD-B057-CEA7897D66B2}.Release|Win32.Build.0 = Release|Win32
		{46308C26-0635-46A0-B346-15A62B3A2A49}.Debug|Win32.ActiveCfg = Debug|Win32
		{46308C26-0635-46A0-B346-15A62B3A2A49}.Debug|Win32.Build.0 = Debug|Win32
		{46308C26-0635-46A0-B346-15A62B3A2A49}.Release|Win32.ActiveCfg = Release|Win32
		{46308C26-0635-46A0-B346-15A62B3A2A49}.Release|Win32.Build.0 = Release|Win32
		{3AED0F63-4330-4F66-B432-EC4BF5F54388}.Debug|Win32.ActiveCfg = Debug|Win32
		{3AED0F63-4330-4F66-B432-EC4BF5F54388}.Debug|Win32.Build.0 = Debug|Win32
		{3AED0F63-4330-4F66-B432-EC4BF5F54388}.Release|Win32.ActiveCfg = Release|Win32
		{3AED0F63-4330-4F66-B432-EC4BF5F54388}.Release|Win32.Build.0 = Release|Win32
		{B51A739B-8AF1-4BF2-83C0-188899E23FAB}.Debug|Win32.ActiveCfg = Debug|Win32
		{B51A739B-8AF1-4BF2-83C0-188899E23FAB}.Debug|Win32.Build.0 = Debug|Win32
		{B51A739B-8AF1-4BF2-83C0-188899E23FAB}.Release|Win32.ActiveCfg = Release|Win32
		{B51A739B-8AF1-4BF2-83C0-188899E23FAB}.Release|Win32.Build.0 = Release|Win32
		{12345967-F55B-40B6-838E-0BFBF8869389}.Debug|Win32.ActiveCfg = Debug|Win32
		{12345967-F55B-40B6-838E-0BFBF8869389}.Debug|Win32.Build.0 = Debug|Win32
		{12345967-F55B-40B6-838E-0BFBF8869389}.Release|Win32.ActiveCfg = Release|Win32
		{12345967-F55B-40B6-838E-0BFBF8869389}.Release|Win32.Build.0 = Release|Win32
		{1E08D755-5776-4A26-8A5E-B5F1E652CD7D}.Debug|Win32.ActiveCfg = Debug|Win32
		{1E08D755-5776-4A26-8A5E-B5F1E652CD7D}.Debug|Win32.Build.0 = Debug|Win32
		{1E08D755-5776-4A26-8A5E-B5F1E652CD7D}.Release|Win32.ActiveCfg = Release|Win32
		{1E08D755-5776-4A26-8A5E-B5F1E652CD7D}.Release|Win32.Build.0 = Release|Win32
	EndGlobalSection
	GlobalSection(SolutionProperties) = preSolution
		HideSolutionNode = FALSE
	EndGlobalSection
EndGlobal
