
Microsoft Visual Studio Solution File, Format Version 12.00
# Visual Studio 15
VisualStudioVersion = 15.0.27428.2011
MinimumVisualStudioVersion = 10.0.40219.1
Project("{2150E333-8FDC-42A3-9474-1A3956D46DE8}") = "Exercise", "Exercise", "{8C325F6E-862C-44AA-9F05-7A1ECF6267DF}"
EndProject
Project("{2150E333-8FDC-42A3-9474-1A3956D46DE8}") = "Textbook", "Textbook", "{892B67BA-F721-4C46-BD58-02D288B0B349}"
EndProject
Project("{8BC9CEB8-8B4A-11D0-8D11-00A0C91BC942}") = "01.Introduction", "Textbook\01.Introduction\01.Introduction.vcxproj", "{1B4C9531-2F16-4A17-A174-9BFB4F3F7C57}"
EndProject
Project("{8BC9CEB8-8B4A-11D0-8D11-00A0C91BC942}") = "02.vector", "Textbook\02.vector\02.vector.vcxproj", "{532527BD-483F-4332-AA52-0D2208DFDC9C}"
EndProject
Project("{8BC9CEB8-8B4A-11D0-8D11-00A0C91BC942}") = "03.list", "Textbook\03.list\03.list.vcxproj", "{F9B19E5E-9D7F-4477-BE60-052E406B8C2C}"
EndProject
Project("{8BC9CEB8-8B4A-11D0-8D11-00A0C91BC942}") = "04.queue", "Textbook\04.queue\04.queue.vcxproj", "{D3D25932-5343-4B11-84A9-3AB5130B2919}"
EndProject
Project("{8BC9CEB8-8B4A-11D0-8D11-00A0C91BC942}") = "04.stack", "Textbook\04.stack\04.stack.vcxproj", "{F736C1ED-41F3-4B7B-88D2-44031584C5C1}"
EndProject
Project("{8BC9CEB8-8B4A-11D0-8D11-00A0C91BC942}") = "05.bintree", "Textbook\05.bintree\05.bintree.vcxproj", "{46308C26-0635-46A0-B346-15A62B3A2A49}"
EndProject
Project("{8BC9CEB8-8B4A-11D0-8D11-00A0C91BC942}") = "06.Graph", "Textbook\06.Graph\06.Graph.vcxproj", "{1E08D755-5776-4A26-8A5E-B5F1E652CD7D}"
EndProject
Project("{2150E333-8FDC-42A3-9474-1A3956D46DE8}") = "PA", "PA", "{5A0EDD04-4351-4C2A-ACAB-9F44239B7CD4}"
EndProject
Project("{8BC9CEB8-8B4A-11D0-8D11-00A0C91BC942}") = "oj_tutorial", "PA\oj_tutorial\oj_tutorial.vcxproj", "{4C3D645A-4A80-487B-BE5D-20B947DF1436}"
EndProject
Project("{8BC9CEB8-8B4A-11D0-8D11-00A0C91BC942}") = "PA1_1_Range", "PA\PA1_1_Range\PA1_1_RangeRange.vcxproj", "{78CB4CF9-2884-4D80-BC72-274622887AE4}"
EndProject
Project("{8BC9CEB8-8B4A-11D0-8D11-00A0C91BC942}") = "PA1_2_Zuma", "PA\PA1_2_Zuma\PA1_2_Zuma.vcxproj", "{688AE3DB-416E-4550-A11D-4B605EF3A648}"
EndProject
Project("{8BC9CEB8-8B4A-11D0-8D11-00A0C91BC942}") = "PA1_3_LightHouse", "PA\PA1_3_LightHouse\PA1_3_LightHouse.vcxproj", "{E0E3FFFE-D8AF-4076-A3C6-3D09AE3F82D0}"
EndProject
Project("{8BC9CEB8-8B4A-11D0-8D11-00A0C91BC942}") = "PA2_1_Train", "PA\PA2_1_Train\PA2_1_Train.vcxproj", "{08647B99-3269-4556-8A97-D7DA76D16422}"
EndProject
Project("{8BC9CEB8-8B4A-11D0-8D11-00A0C91BC942}") = "PA2_2_Tunel", "PA\PA2_2_Tunel\PA2_2_Tunel.vcxproj", "{FC373A70-F95E-4297-9432-9CF613C6D766}"
EndProject
Project("{8BC9CEB8-8B4A-11D0-8D11-00A0C91BC942}") = "PA2_3_ProperRebuild", "PA\PA2_3_ProperRebuild\PA2_3_ProperRebuild.vcxproj", "{351F017B-4824-4145-A025-BF970C88D961}"
EndProject
Project("{8BC9CEB8-8B4A-11D0-8D11-00A0C91BC942}") = "PA3_1_TSP", "PA\PA3_1_TSP\PA3_1_TSP.vcxproj", "{12345967-F55B-40B6-838E-0BFBF8869389}"
EndProject
Project("{8BC9CEB8-8B4A-11D0-8D11-00A0C91BC942}") = "THUPA1_1_Team", "PA\THUPA1_1_Team\THUPA1_1_Team.vcxproj", "{00268566-9D17-41D6-8F70-20808B8C9E4B}"
EndProject
Project("{8BC9CEB8-8B4A-11D0-8D11-00A0C91BC942}") = "THUPA1_2_Company", "PA\THUPA1_2_Company\THUPA1_2_Company.vcxproj", "{2AD0F159-F99E-43F8-86CC-C672B2C4AEA4}"
EndProject
Project("{8BC9CEB8-8B4A-11D0-8D11-00A0C91BC942}") = "THUPA1_3_Interview", "PA\THUPA1_3_Interview\THUPA1_3_Interview.vcxproj", "{2D78E790-36F2-4FDE-BF2A-EE538B20061E}"
EndProject
Project("{8BC9CEB8-8B4A-11D0-8D11-00A0C91BC942}") = "THUPA1_4_Hospital", "PA\THUPA1_4_Hospital\THUPA1_4_Hospital.vcxproj", "{32B366EB-FF37-4433-B705-312A057E6155}"
EndProject
Project("{8BC9CEB8-8B4A-11D0-8D11-00A0C91BC942}") = "THUPA2_1_Alarm", "PA\THUPA2_1_Alarm\THUPA2_1_Alarm.vcxproj", "{E7F0702D-34A5-4B9B-994B-1B2442AF6B58}"
EndProject
Project("{8BC9CEB8-8B4A-11D0-8D11-00A0C91BC942}") = "THUPA2_2_Train", "PA\THUPA2_2_Train\THUPA2_2_Train.vcxproj", "{957AE24D-339D-4CDD-B057-CEA7897D66B2}"
EndProject
Project("{8BC9CEB8-8B4A-11D0-8D11-00A0C91BC942}") = "THUPA2_3_Rebuild", "PA\THUPA2_3_Rebuild\THUPA2_3_Rebuild.vcxproj", "{51BDF209-A770-4564-968D-6001BD927B2D}"
EndProject
Project("{8BC9CEB8-8B4A-11D0-8D11-00A0C91BC942}") = "THUPA2_4_Queap", "PA\THUPA2_4_Queap\THUPA2_4_Queap.vcxproj", "{3AED0F63-4330-4F66-B432-EC4BF5F54388}"
EndProject
Project("{8BC9CEB8-8B4A-11D0-8D11-00A0C91BC942}") = "THUPA3_1_TravelingSalesmanProblem", "PA\THUPA3_1_TravelingSalesmanProblem\THUPA3_1_TravelingSalesmanProblem.vcxproj", "{B51A739B-8AF1-4BF2-83C0-188899E23FAB}"
EndProject
Project("{2150E333-8FDC-42A3-9474-1A3956D46DE8}") = "include", "include", "{07A46C78-1B1A-4034-81D8-22B45D8FD879}"
	ProjectSection(SolutionItems) = preProject
		include\binnode.h = include\binnode.h
		include\binnode_implementation.h = include\binnode_implementation.h
		include\binnode_insert.h = include\binnode_insert.h
		include\binnode_macro.h = include\binnode_macro.h
		include\binnode_macro_avl.h = include\binnode_macro_avl.h
		include\binnode_macro_basic.h = include\binnode_macro_basic.h
		include\binnode_macro_redblack.h = include\binnode_macro_redblack.h
		include\binnode_size.h = include\binnode_size.h
		include\binnode_stretchbyzag.h = include\binnode_stretchbyzag.h
		include\binnode_stretchbyzig.h = include\binnode_stretchbyzig.h
		include\binnode_succ.h = include\binnode_succ.h
		include\binnode_travinorder.h = include\binnode_travinorder.h
		include\binnode_travinorder_i1.h = include\binnode_travinorder_i1.h
		include\binnode_travinorder_i2.h = include\binnode_travinorder_i2.h
		include\binnode_travinorder_i3.h = include\binnode_travinorder_i3.h
		include\binnode_travinorder_i4.h = include\binnode_travinorder_i4.h
		include\binnode_travinorder_r.h = include\binnode_travinorder_r.h
		include\binnode_travlevel.h = include\binnode_travlevel.h
		include\binnode_travpostorder.h = include\binnode_travpostorder.h
		include\binnode_travpostorder_i.h = include\binnode_travpostorder_i.h
		include\binnode_travpostorder_r.h = include\binnode_travpostorder_r.h
		include\binnode_travpreorder.h = include\binnode_travpreorder.h
		include\binnode_travpreorder_i1.h = include\binnode_travpreorder_i1.h
		include\binnode_travpreorder_i2.h = include\binnode_travpreorder_i2.h
		include\binnode_travpreorder_r.h = include\binnode_travpreorder_r.h
		include\binnode_zag.h = include\binnode_zag.h
		include\binnode_zig.h = include\binnode_zig.h
		include\bintree.h = include\bintree.h
		include\bintree_attach.h = include\bintree_attach.h
		include\bintree_implementation.h = include\bintree_implementation.h
		include\bintree_insert.h = include\bintree_insert.h
		include\bintree_remove.h = include\bintree_remove.h
		include\bintree_secede.h = include\bintree_secede.h
		include\bintree_size.h = include\bintree_size.h
		include\bintree_test.h = include\bintree_test.h
		include\bintree_updateheight.h = include\bintree_updateheight.h
		include\fibnacci.h = include\fibnacci.h
		include\graph.h = include\graph.h
		include\graph_bfs.h = include\graph_bfs.h
		include\graph_dfs.h = include\graph_dfs.h
		include\graph_implementation.h = include\graph_implementation.h
		include\graph_matrix.h = include\graph_matrix.h
		include\jtl_global.h = include\jtl_global.h
		include\list.h = include\list.h
		include\list_bracket.h = include\list_bracket.h
		include\list_clear.h = include\list_clear.h
		include\list_copy_constructor.h = include\list_copy_constructor.h
		include\list_copy_nodes.h = include\list_copy_nodes.h
		include\list_deduplicate.h = include\list_deduplicate.h
		include\list_destructor.h = include\list_destructor.h
		include\list_disordered.h = include\list_disordered.h
		include\list_find.h = include\list_find.h
		include\list_implementation.h = include\list_implementation.h
		include\list_init.h = include\list_init.h
		include\list_insert.h = include\list_insert.h
		include\list_insertion_sort.h = include\list_insertion_sort.h
		include\list_merge.h = include\list_merge.h
		include\list_merge_sort.h = include\list_merge_sort.h
		include\list_node.h = include\list_node.h
		include\list_node_implementaion.h = include\list_node_implementaion.h
		include\list_remove.h = include\list_remove.h
		include\list_search.h = include\list_search.h
		include\list_select_max.h = include\list_select_max.h
		include\list_selection_sort.h = include\list_selection_sort.h
		include\list_sort.h = include\list_sort.h
		include\list_uniquify.h = include\list_uniquify.h
		include\queue.h = include\queue.h
		include\release.h = include\release.h
		include\stack.h = include\stack.h
		include\vector.h = include\vector.h
		include\vector_implementation.h = include\vector_implementation.h
	EndProjectSection
EndProject
Project("{8BC9CEB8-8B4A-11D0-8D11-00A0C91BC942}") = "quick_sort", "Exercise\quick_sort\quick_sort.vcxproj", "{955EE8CA-240E-4A3F-B2FD-180791124F1D}"
EndProject
Project("{8BC9CEB8-8B4A-11D0-8D11-00A0C91BC942}") = "07.bst", "Textbook\07.bst\07.bst.vcxproj", "{A947A48D-17A1-4A4D-BB75-6E80D6058906}"
EndProject
Project("{8BC9CEB8-8B4A-11D0-8D11-00A0C91BC942}") = "2.34.bitmap", "Exercise\2.34.bitmap\2.34.bitmap.vcxproj", "{FA6B66D1-160F-4623-9560-C579721DE260}"
EndProject
Project("{8BC9CEB8-8B4A-11D0-8D11-00A0C91BC942}") = "1.2.island", "Exercise\1.2.island\1.2.island.vcxproj", "{4CEB49DA-FA1E-4CBD-9972-1C767D940D16}"
EndProject
Project("{8BC9CEB8-8B4A-11D0-8D11-00A0C91BC942}") = "1.12.count_ones", "Exercise\1.12.count_ones\1.12.count_ones.vcxproj", "{B2045FE1-2F89-4EA1-8F06-21084064EE63}"
EndProject
Project("{8BC9CEB8-8B4A-11D0-8D11-00A0C91BC942}") = "1.23.hanoi", "Exercise\1.23.hanoi\1.23.hanoi.vcxproj", "{BC4BC250-6314-48B2-8EF4-525F0C607881}"
EndProject
Project("{8BC9CEB8-8B4A-11D0-8D11-00A0C91BC942}") = "1.24.chessboard", "Exercise\1.24.chessboard\1.24.chessboard.vcxproj", "{5A861992-D4B4-47C5-8CDB-48F0A6DE0BFE}"
EndProject
Project("{8BC9CEB8-8B4A-11D0-8D11-00A0C91BC942}") = "1.25.gcd", "Exercise\1.25.gcd\1.25.gcd.vcxproj", "{8985974E-8B7B-4B49-B138-6D1DFA528D96}"
EndProject
Project("{8BC9CEB8-8B4A-11D0-8D11-00A0C91BC942}") = "1.14.power", "Exercise\1.14.power\1.14.power.vcxproj", "{6CAF91CE-790A-4E2A-BEBB-B441838C0036}"
EndProject
Project("{8BC9CEB8-8B4A-11D0-8D11-00A0C91BC942}") = "1.21.fibonacci", "Exercise\1.21.fibonacci\1.21.fibonacci.vcxproj", "{BFE8F0B3-1DF4-4A0A-ABE6-B43823290222}"
EndProject
Project("{8BC9CEB8-8B4A-11D0-8D11-00A0C91BC942}") = "1.26.shift", "Exercise\1.26.shift\1.26.shift.vcxproj", "{22A8607C-CAAF-4669-9D64-B5EF58D6F491}"
EndProject
Global
	GlobalSection(SolutionConfigurationPlatforms) = preSolution
		Debug|Win32 = Debug|Win32
		Debug|x64 = Debug|x64
		Release|Win32 = Release|Win32
		Release|x64 = Release|x64
	EndGlobalSection
	GlobalSection(ProjectConfigurationPlatforms) = postSolution
		{1B4C9531-2F16-4A17-A174-9BFB4F3F7C57}.Debug|Win32.ActiveCfg = Debug|Win32
		{1B4C9531-2F16-4A17-A174-9BFB4F3F7C57}.Debug|Win32.Build.0 = Debug|Win32
		{1B4C9531-2F16-4A17-A174-9BFB4F3F7C57}.Debug|x64.ActiveCfg = Debug|Win32
		{1B4C9531-2F16-4A17-A174-9BFB4F3F7C57}.Release|Win32.ActiveCfg = Release|Win32
		{1B4C9531-2F16-4A17-A174-9BFB4F3F7C57}.Release|Win32.Build.0 = Release|Win32
		{1B4C9531-2F16-4A17-A174-9BFB4F3F7C57}.Release|x64.ActiveCfg = Release|Win32
		{532527BD-483F-4332-AA52-0D2208DFDC9C}.Debug|Win32.ActiveCfg = Debug|Win32
		{532527BD-483F-4332-AA52-0D2208DFDC9C}.Debug|Win32.Build.0 = Debug|Win32
		{532527BD-483F-4332-AA52-0D2208DFDC9C}.Debug|x64.ActiveCfg = Debug|Win32
		{532527BD-483F-4332-AA52-0D2208DFDC9C}.Release|Win32.ActiveCfg = Release|Win32
		{532527BD-483F-4332-AA52-0D2208DFDC9C}.Release|Win32.Build.0 = Release|Win32
		{532527BD-483F-4332-AA52-0D2208DFDC9C}.Release|x64.ActiveCfg = Release|Win32
		{F9B19E5E-9D7F-4477-BE60-052E406B8C2C}.Debug|Win32.ActiveCfg = Debug|Win32
		{F9B19E5E-9D7F-4477-BE60-052E406B8C2C}.Debug|Win32.Build.0 = Debug|Win32
		{F9B19E5E-9D7F-4477-BE60-052E406B8C2C}.Debug|x64.ActiveCfg = Debug|Win32
		{F9B19E5E-9D7F-4477-BE60-052E406B8C2C}.Release|Win32.ActiveCfg = Release|Win32
		{F9B19E5E-9D7F-4477-BE60-052E406B8C2C}.Release|Win32.Build.0 = Release|Win32
		{F9B19E5E-9D7F-4477-BE60-052E406B8C2C}.Release|x64.ActiveCfg = Release|Win32
		{D3D25932-5343-4B11-84A9-3AB5130B2919}.Debug|Win32.ActiveCfg = Debug|Win32
		{D3D25932-5343-4B11-84A9-3AB5130B2919}.Debug|Win32.Build.0 = Debug|Win32
		{D3D25932-5343-4B11-84A9-3AB5130B2919}.Debug|x64.ActiveCfg = Debug|Win32
		{D3D25932-5343-4B11-84A9-3AB5130B2919}.Release|Win32.ActiveCfg = Release|Win32
		{D3D25932-5343-4B11-84A9-3AB5130B2919}.Release|Win32.Build.0 = Release|Win32
		{D3D25932-5343-4B11-84A9-3AB5130B2919}.Release|x64.ActiveCfg = Release|Win32
		{F736C1ED-41F3-4B7B-88D2-44031584C5C1}.Debug|Win32.ActiveCfg = Debug|Win32
		{F736C1ED-41F3-4B7B-88D2-44031584C5C1}.Debug|Win32.Build.0 = Debug|Win32
		{F736C1ED-41F3-4B7B-88D2-44031584C5C1}.Debug|x64.ActiveCfg = Debug|Win32
		{F736C1ED-41F3-4B7B-88D2-44031584C5C1}.Release|Win32.ActiveCfg = Release|Win32
		{F736C1ED-41F3-4B7B-88D2-44031584C5C1}.Release|Win32.Build.0 = Release|Win32
		{F736C1ED-41F3-4B7B-88D2-44031584C5C1}.Release|x64.ActiveCfg = Release|Win32
		{46308C26-0635-46A0-B346-15A62B3A2A49}.Debug|Win32.ActiveCfg = Debug|Win32
		{46308C26-0635-46A0-B346-15A62B3A2A49}.Debug|Win32.Build.0 = Debug|Win32
		{46308C26-0635-46A0-B346-15A62B3A2A49}.Debug|x64.ActiveCfg = Debug|Win32
		{46308C26-0635-46A0-B346-15A62B3A2A49}.Release|Win32.ActiveCfg = Release|Win32
		{46308C26-0635-46A0-B346-15A62B3A2A49}.Release|Win32.Build.0 = Release|Win32
		{46308C26-0635-46A0-B346-15A62B3A2A49}.Release|x64.ActiveCfg = Release|Win32
		{1E08D755-5776-4A26-8A5E-B5F1E652CD7D}.Debug|Win32.ActiveCfg = Debug|Win32
		{1E08D755-5776-4A26-8A5E-B5F1E652CD7D}.Debug|Win32.Build.0 = Debug|Win32
		{1E08D755-5776-4A26-8A5E-B5F1E652CD7D}.Debug|x64.ActiveCfg = Debug|Win32
		{1E08D755-5776-4A26-8A5E-B5F1E652CD7D}.Release|Win32.ActiveCfg = Release|Win32
		{1E08D755-5776-4A26-8A5E-B5F1E652CD7D}.Release|Win32.Build.0 = Release|Win32
		{1E08D755-5776-4A26-8A5E-B5F1E652CD7D}.Release|x64.ActiveCfg = Release|Win32
		{4C3D645A-4A80-487B-BE5D-20B947DF1436}.Debug|Win32.ActiveCfg = Debug|Win32
		{4C3D645A-4A80-487B-BE5D-20B947DF1436}.Debug|Win32.Build.0 = Debug|Win32
		{4C3D645A-4A80-487B-BE5D-20B947DF1436}.Debug|x64.ActiveCfg = Debug|Win32
		{4C3D645A-4A80-487B-BE5D-20B947DF1436}.Release|Win32.ActiveCfg = Release|Win32
		{4C3D645A-4A80-487B-BE5D-20B947DF1436}.Release|Win32.Build.0 = Release|Win32
		{4C3D645A-4A80-487B-BE5D-20B947DF1436}.Release|x64.ActiveCfg = Release|Win32
		{78CB4CF9-2884-4D80-BC72-274622887AE4}.Debug|Win32.ActiveCfg = Debug|Win32
		{78CB4CF9-2884-4D80-BC72-274622887AE4}.Debug|Win32.Build.0 = Debug|Win32
		{78CB4CF9-2884-4D80-BC72-274622887AE4}.Debug|x64.ActiveCfg = Debug|Win32
		{78CB4CF9-2884-4D80-BC72-274622887AE4}.Release|Win32.ActiveCfg = Release|Win32
		{78CB4CF9-2884-4D80-BC72-274622887AE4}.Release|Win32.Build.0 = Release|Win32
		{78CB4CF9-2884-4D80-BC72-274622887AE4}.Release|x64.ActiveCfg = Release|Win32
		{688AE3DB-416E-4550-A11D-4B605EF3A648}.Debug|Win32.ActiveCfg = Debug|Win32
		{688AE3DB-416E-4550-A11D-4B605EF3A648}.Debug|Win32.Build.0 = Debug|Win32
		{688AE3DB-416E-4550-A11D-4B605EF3A648}.Debug|x64.ActiveCfg = Debug|Win32
		{688AE3DB-416E-4550-A11D-4B605EF3A648}.Release|Win32.ActiveCfg = Release|Win32
		{688AE3DB-416E-4550-A11D-4B605EF3A648}.Release|Win32.Build.0 = Release|Win32
		{688AE3DB-416E-4550-A11D-4B605EF3A648}.Release|x64.ActiveCfg = Release|Win32
		{E0E3FFFE-D8AF-4076-A3C6-3D09AE3F82D0}.Debug|Win32.ActiveCfg = Debug|Win32
		{E0E3FFFE-D8AF-4076-A3C6-3D09AE3F82D0}.Debug|Win32.Build.0 = Debug|Win32
		{E0E3FFFE-D8AF-4076-A3C6-3D09AE3F82D0}.Debug|x64.ActiveCfg = Debug|Win32
		{E0E3FFFE-D8AF-4076-A3C6-3D09AE3F82D0}.Release|Win32.ActiveCfg = Release|Win32
		{E0E3FFFE-D8AF-4076-A3C6-3D09AE3F82D0}.Release|Win32.Build.0 = Release|Win32
		{E0E3FFFE-D8AF-4076-A3C6-3D09AE3F82D0}.Release|x64.ActiveCfg = Release|Win32
		{08647B99-3269-4556-8A97-D7DA76D16422}.Debug|Win32.ActiveCfg = Debug|Win32
		{08647B99-3269-4556-8A97-D7DA76D16422}.Debug|Win32.Build.0 = Debug|Win32
		{08647B99-3269-4556-8A97-D7DA76D16422}.Debug|x64.ActiveCfg = Debug|Win32
		{08647B99-3269-4556-8A97-D7DA76D16422}.Release|Win32.ActiveCfg = Release|Win32
		{08647B99-3269-4556-8A97-D7DA76D16422}.Release|Win32.Build.0 = Release|Win32
		{08647B99-3269-4556-8A97-D7DA76D16422}.Release|x64.ActiveCfg = Release|Win32
		{FC373A70-F95E-4297-9432-9CF613C6D766}.Debug|Win32.ActiveCfg = Debug|Win32
		{FC373A70-F95E-4297-9432-9CF613C6D766}.Debug|Win32.Build.0 = Debug|Win32
		{FC373A70-F95E-4297-9432-9CF613C6D766}.Debug|x64.ActiveCfg = Debug|Win32
		{FC373A70-F95E-4297-9432-9CF613C6D766}.Release|Win32.ActiveCfg = Release|Win32
		{FC373A70-F95E-4297-9432-9CF613C6D766}.Release|Win32.Build.0 = Release|Win32
		{FC373A70-F95E-4297-9432-9CF613C6D766}.Release|x64.ActiveCfg = Release|Win32
		{351F017B-4824-4145-A025-BF970C88D961}.Debug|Win32.ActiveCfg = Debug|Win32
		{351F017B-4824-4145-A025-BF970C88D961}.Debug|Win32.Build.0 = Debug|Win32
		{351F017B-4824-4145-A025-BF970C88D961}.Debug|x64.ActiveCfg = Debug|Win32
		{351F017B-4824-4145-A025-BF970C88D961}.Release|Win32.ActiveCfg = Release|Win32
		{351F017B-4824-4145-A025-BF970C88D961}.Release|Win32.Build.0 = Release|Win32
		{351F017B-4824-4145-A025-BF970C88D961}.Release|x64.ActiveCfg = Release|Win32
		{12345967-F55B-40B6-838E-0BFBF8869389}.Debug|Win32.ActiveCfg = Debug|Win32
		{12345967-F55B-40B6-838E-0BFBF8869389}.Debug|Win32.Build.0 = Debug|Win32
		{12345967-F55B-40B6-838E-0BFBF8869389}.Debug|x64.ActiveCfg = Debug|Win32
		{12345967-F55B-40B6-838E-0BFBF8869389}.Release|Win32.ActiveCfg = Release|Win32
		{12345967-F55B-40B6-838E-0BFBF8869389}.Release|Win32.Build.0 = Release|Win32
		{12345967-F55B-40B6-838E-0BFBF8869389}.Release|x64.ActiveCfg = Release|Win32
		{00268566-9D17-41D6-8F70-20808B8C9E4B}.Debug|Win32.ActiveCfg = Debug|Win32
		{00268566-9D17-41D6-8F70-20808B8C9E4B}.Debug|Win32.Build.0 = Debug|Win32
		{00268566-9D17-41D6-8F70-20808B8C9E4B}.Debug|x64.ActiveCfg = Debug|Win32
		{00268566-9D17-41D6-8F70-20808B8C9E4B}.Release|Win32.ActiveCfg = Release|Win32
		{00268566-9D17-41D6-8F70-20808B8C9E4B}.Release|Win32.Build.0 = Release|Win32
		{00268566-9D17-41D6-8F70-20808B8C9E4B}.Release|x64.ActiveCfg = Release|Win32
		{2AD0F159-F99E-43F8-86CC-C672B2C4AEA4}.Debug|Win32.ActiveCfg = Debug|Win32
		{2AD0F159-F99E-43F8-86CC-C672B2C4AEA4}.Debug|Win32.Build.0 = Debug|Win32
		{2AD0F159-F99E-43F8-86CC-C672B2C4AEA4}.Debug|x64.ActiveCfg = Debug|Win32
		{2AD0F159-F99E-43F8-86CC-C672B2C4AEA4}.Release|Win32.ActiveCfg = Release|Win32
		{2AD0F159-F99E-43F8-86CC-C672B2C4AEA4}.Release|Win32.Build.0 = Release|Win32
		{2AD0F159-F99E-43F8-86CC-C672B2C4AEA4}.Release|x64.ActiveCfg = Release|Win32
		{2D78E790-36F2-4FDE-BF2A-EE538B20061E}.Debug|Win32.ActiveCfg = Debug|Win32
		{2D78E790-36F2-4FDE-BF2A-EE538B20061E}.Debug|Win32.Build.0 = Debug|Win32
		{2D78E790-36F2-4FDE-BF2A-EE538B20061E}.Debug|x64.ActiveCfg = Debug|Win32
		{2D78E790-36F2-4FDE-BF2A-EE538B20061E}.Release|Win32.ActiveCfg = Release|Win32
		{2D78E790-36F2-4FDE-BF2A-EE538B20061E}.Release|Win32.Build.0 = Release|Win32
		{2D78E790-36F2-4FDE-BF2A-EE538B20061E}.Release|x64.ActiveCfg = Release|Win32
		{32B366EB-FF37-4433-B705-312A057E6155}.Debug|Win32.ActiveCfg = Debug|Win32
		{32B366EB-FF37-4433-B705-312A057E6155}.Debug|Win32.Build.0 = Debug|Win32
		{32B366EB-FF37-4433-B705-312A057E6155}.Debug|x64.ActiveCfg = Debug|Win32
		{32B366EB-FF37-4433-B705-312A057E6155}.Release|Win32.ActiveCfg = Release|Win32
		{32B366EB-FF37-4433-B705-312A057E6155}.Release|Win32.Build.0 = Release|Win32
		{32B366EB-FF37-4433-B705-312A057E6155}.Release|x64.ActiveCfg = Release|Win32
		{E7F0702D-34A5-4B9B-994B-1B2442AF6B58}.Debug|Win32.ActiveCfg = Debug|Win32
		{E7F0702D-34A5-4B9B-994B-1B2442AF6B58}.Debug|Win32.Build.0 = Debug|Win32
		{E7F0702D-34A5-4B9B-994B-1B2442AF6B58}.Debug|x64.ActiveCfg = Debug|Win32
		{E7F0702D-34A5-4B9B-994B-1B2442AF6B58}.Release|Win32.ActiveCfg = Release|Win32
		{E7F0702D-34A5-4B9B-994B-1B2442AF6B58}.Release|Win32.Build.0 = Release|Win32
		{E7F0702D-34A5-4B9B-994B-1B2442AF6B58}.Release|x64.ActiveCfg = Release|Win32
		{957AE24D-339D-4CDD-B057-CEA7897D66B2}.Debug|Win32.ActiveCfg = Debug|Win32
		{957AE24D-339D-4CDD-B057-CEA7897D66B2}.Debug|Win32.Build.0 = Debug|Win32
		{957AE24D-339D-4CDD-B057-CEA7897D66B2}.Debug|x64.ActiveCfg = Debug|Win32
		{957AE24D-339D-4CDD-B057-CEA7897D66B2}.Release|Win32.ActiveCfg = Release|Win32
		{957AE24D-339D-4CDD-B057-CEA7897D66B2}.Release|Win32.Build.0 = Release|Win32
		{957AE24D-339D-4CDD-B057-CEA7897D66B2}.Release|x64.ActiveCfg = Release|Win32
		{51BDF209-A770-4564-968D-6001BD927B2D}.Debug|Win32.ActiveCfg = Debug|Win32
		{51BDF209-A770-4564-968D-6001BD927B2D}.Debug|Win32.Build.0 = Debug|Win32
		{51BDF209-A770-4564-968D-6001BD927B2D}.Debug|x64.ActiveCfg = Debug|Win32
		{51BDF209-A770-4564-968D-6001BD927B2D}.Release|Win32.ActiveCfg = Release|Win32
		{51BDF209-A770-4564-968D-6001BD927B2D}.Release|Win32.Build.0 = Release|Win32
		{51BDF209-A770-4564-968D-6001BD927B2D}.Release|x64.ActiveCfg = Release|Win32
		{3AED0F63-4330-4F66-B432-EC4BF5F54388}.Debug|Win32.ActiveCfg = Debug|Win32
		{3AED0F63-4330-4F66-B432-EC4BF5F54388}.Debug|Win32.Build.0 = Debug|Win32
		{3AED0F63-4330-4F66-B432-EC4BF5F54388}.Debug|x64.ActiveCfg = Debug|Win32
		{3AED0F63-4330-4F66-B432-EC4BF5F54388}.Release|Win32.ActiveCfg = Release|Win32
		{3AED0F63-4330-4F66-B432-EC4BF5F54388}.Release|Win32.Build.0 = Release|Win32
		{3AED0F63-4330-4F66-B432-EC4BF5F54388}.Release|x64.ActiveCfg = Release|Win32
		{B51A739B-8AF1-4BF2-83C0-188899E23FAB}.Debug|Win32.ActiveCfg = Debug|Win32
		{B51A739B-8AF1-4BF2-83C0-188899E23FAB}.Debug|Win32.Build.0 = Debug|Win32
		{B51A739B-8AF1-4BF2-83C0-188899E23FAB}.Debug|x64.ActiveCfg = Debug|Win32
		{B51A739B-8AF1-4BF2-83C0-188899E23FAB}.Release|Win32.ActiveCfg = Release|Win32
		{B51A739B-8AF1-4BF2-83C0-188899E23FAB}.Release|Win32.Build.0 = Release|Win32
		{B51A739B-8AF1-4BF2-83C0-188899E23FAB}.Release|x64.ActiveCfg = Release|Win32
		{955EE8CA-240E-4A3F-B2FD-180791124F1D}.Debug|Win32.ActiveCfg = Debug|Win32
		{955EE8CA-240E-4A3F-B2FD-180791124F1D}.Debug|Win32.Build.0 = Debug|Win32
		{955EE8CA-240E-4A3F-B2FD-180791124F1D}.Debug|x64.ActiveCfg = Debug|Win32
		{955EE8CA-240E-4A3F-B2FD-180791124F1D}.Release|Win32.ActiveCfg = Release|Win32
		{955EE8CA-240E-4A3F-B2FD-180791124F1D}.Release|Win32.Build.0 = Release|Win32
		{955EE8CA-240E-4A3F-B2FD-180791124F1D}.Release|x64.ActiveCfg = Release|Win32
		{A947A48D-17A1-4A4D-BB75-6E80D6058906}.Debug|Win32.ActiveCfg = Debug|Win32
		{A947A48D-17A1-4A4D-BB75-6E80D6058906}.Debug|Win32.Build.0 = Debug|Win32
		{A947A48D-17A1-4A4D-BB75-6E80D6058906}.Debug|x64.ActiveCfg = Debug|x64
		{A947A48D-17A1-4A4D-BB75-6E80D6058906}.Debug|x64.Build.0 = Debug|x64
		{A947A48D-17A1-4A4D-BB75-6E80D6058906}.Release|Win32.ActiveCfg = Release|Win32
		{A947A48D-17A1-4A4D-BB75-6E80D6058906}.Release|Win32.Build.0 = Release|Win32
		{A947A48D-17A1-4A4D-BB75-6E80D6058906}.Release|x64.ActiveCfg = Release|x64
		{A947A48D-17A1-4A4D-BB75-6E80D6058906}.Release|x64.Build.0 = Release|x64
		{FA6B66D1-160F-4623-9560-C579721DE260}.Debug|Win32.ActiveCfg = Debug|Win32
		{FA6B66D1-160F-4623-9560-C579721DE260}.Debug|Win32.Build.0 = Debug|Win32
		{FA6B66D1-160F-4623-9560-C579721DE260}.Debug|x64.ActiveCfg = Debug|x64
		{FA6B66D1-160F-4623-9560-C579721DE260}.Debug|x64.Build.0 = Debug|x64
		{FA6B66D1-160F-4623-9560-C579721DE260}.Release|Win32.ActiveCfg = Release|Win32
		{FA6B66D1-160F-4623-9560-C579721DE260}.Release|Win32.Build.0 = Release|Win32
		{FA6B66D1-160F-4623-9560-C579721DE260}.Release|x64.ActiveCfg = Release|x64
		{FA6B66D1-160F-4623-9560-C579721DE260}.Release|x64.Build.0 = Release|x64
		{4CEB49DA-FA1E-4CBD-9972-1C767D940D16}.Debug|Win32.ActiveCfg = Debug|Win32
		{4CEB49DA-FA1E-4CBD-9972-1C767D940D16}.Debug|Win32.Build.0 = Debug|Win32
		{4CEB49DA-FA1E-4CBD-9972-1C767D940D16}.Debug|x64.ActiveCfg = Debug|x64
		{4CEB49DA-FA1E-4CBD-9972-1C767D940D16}.Debug|x64.Build.0 = Debug|x64
		{4CEB49DA-FA1E-4CBD-9972-1C767D940D16}.Release|Win32.ActiveCfg = Release|Win32
		{4CEB49DA-FA1E-4CBD-9972-1C767D940D16}.Release|Win32.Build.0 = Release|Win32
		{4CEB49DA-FA1E-4CBD-9972-1C767D940D16}.Release|x64.ActiveCfg = Release|x64
		{4CEB49DA-FA1E-4CBD-9972-1C767D940D16}.Release|x64.Build.0 = Release|x64
		{B2045FE1-2F89-4EA1-8F06-21084064EE63}.Debug|Win32.ActiveCfg = Debug|Win32
		{B2045FE1-2F89-4EA1-8F06-21084064EE63}.Debug|Win32.Build.0 = Debug|Win32
		{B2045FE1-2F89-4EA1-8F06-21084064EE63}.Debug|x64.ActiveCfg = Debug|x64
		{B2045FE1-2F89-4EA1-8F06-21084064EE63}.Debug|x64.Build.0 = Debug|x64
		{B2045FE1-2F89-4EA1-8F06-21084064EE63}.Release|Win32.ActiveCfg = Release|Win32
		{B2045FE1-2F89-4EA1-8F06-21084064EE63}.Release|Win32.Build.0 = Release|Win32
		{B2045FE1-2F89-4EA1-8F06-21084064EE63}.Release|x64.ActiveCfg = Release|x64
		{B2045FE1-2F89-4EA1-8F06-21084064EE63}.Release|x64.Build.0 = Release|x64
		{BC4BC250-6314-48B2-8EF4-525F0C607881}.Debug|Win32.ActiveCfg = Debug|Win32
		{BC4BC250-6314-48B2-8EF4-525F0C607881}.Debug|Win32.Build.0 = Debug|Win32
		{BC4BC250-6314-48B2-8EF4-525F0C607881}.Debug|x64.ActiveCfg = Debug|x64
		{BC4BC250-6314-48B2-8EF4-525F0C607881}.Debug|x64.Build.0 = Debug|x64
		{BC4BC250-6314-48B2-8EF4-525F0C607881}.Release|Win32.ActiveCfg = Release|Win32
		{BC4BC250-6314-48B2-8EF4-525F0C607881}.Release|Win32.Build.0 = Release|Win32
		{BC4BC250-6314-48B2-8EF4-525F0C607881}.Release|x64.ActiveCfg = Release|x64
		{BC4BC250-6314-48B2-8EF4-525F0C607881}.Release|x64.Build.0 = Release|x64
		{5A861992-D4B4-47C5-8CDB-48F0A6DE0BFE}.Debug|Win32.ActiveCfg = Debug|Win32
		{5A861992-D4B4-47C5-8CDB-48F0A6DE0BFE}.Debug|Win32.Build.0 = Debug|Win32
		{5A861992-D4B4-47C5-8CDB-48F0A6DE0BFE}.Debug|x64.ActiveCfg = Debug|x64
		{5A861992-D4B4-47C5-8CDB-48F0A6DE0BFE}.Debug|x64.Build.0 = Debug|x64
		{5A861992-D4B4-47C5-8CDB-48F0A6DE0BFE}.Release|Win32.ActiveCfg = Release|Win32
		{5A861992-D4B4-47C5-8CDB-48F0A6DE0BFE}.Release|Win32.Build.0 = Release|Win32
		{5A861992-D4B4-47C5-8CDB-48F0A6DE0BFE}.Release|x64.ActiveCfg = Release|x64
		{5A861992-D4B4-47C5-8CDB-48F0A6DE0BFE}.Release|x64.Build.0 = Release|x64
		{8985974E-8B7B-4B49-B138-6D1DFA528D96}.Debug|Win32.ActiveCfg = Debug|Win32
		{8985974E-8B7B-4B49-B138-6D1DFA528D96}.Debug|Win32.Build.0 = Debug|Win32
		{8985974E-8B7B-4B49-B138-6D1DFA528D96}.Debug|x64.ActiveCfg = Debug|x64
		{8985974E-8B7B-4B49-B138-6D1DFA528D96}.Debug|x64.Build.0 = Debug|x64
		{8985974E-8B7B-4B49-B138-6D1DFA528D96}.Release|Win32.ActiveCfg = Release|Win32
		{8985974E-8B7B-4B49-B138-6D1DFA528D96}.Release|Win32.Build.0 = Release|Win32
		{8985974E-8B7B-4B49-B138-6D1DFA528D96}.Release|x64.ActiveCfg = Release|x64
		{8985974E-8B7B-4B49-B138-6D1DFA528D96}.Release|x64.Build.0 = Release|x64
		{6CAF91CE-790A-4E2A-BEBB-B441838C0036}.Debug|Win32.ActiveCfg = Debug|Win32
		{6CAF91CE-790A-4E2A-BEBB-B441838C0036}.Debug|Win32.Build.0 = Debug|Win32
		{6CAF91CE-790A-4E2A-BEBB-B441838C0036}.Debug|x64.ActiveCfg = Debug|x64
		{6CAF91CE-790A-4E2A-BEBB-B441838C0036}.Debug|x64.Build.0 = Debug|x64
		{6CAF91CE-790A-4E2A-BEBB-B441838C0036}.Release|Win32.ActiveCfg = Release|Win32
		{6CAF91CE-790A-4E2A-BEBB-B441838C0036}.Release|Win32.Build.0 = Release|Win32
		{6CAF91CE-790A-4E2A-BEBB-B441838C0036}.Release|x64.ActiveCfg = Release|x64
		{6CAF91CE-790A-4E2A-BEBB-B441838C0036}.Release|x64.Build.0 = Release|x64
		{BFE8F0B3-1DF4-4A0A-ABE6-B43823290222}.Debug|Win32.ActiveCfg = Debug|Win32
		{BFE8F0B3-1DF4-4A0A-ABE6-B43823290222}.Debug|Win32.Build.0 = Debug|Win32
		{BFE8F0B3-1DF4-4A0A-ABE6-B43823290222}.Debug|x64.ActiveCfg = Debug|x64
		{BFE8F0B3-1DF4-4A0A-ABE6-B43823290222}.Debug|x64.Build.0 = Debug|x64
		{BFE8F0B3-1DF4-4A0A-ABE6-B43823290222}.Release|Win32.ActiveCfg = Release|Win32
		{BFE8F0B3-1DF4-4A0A-ABE6-B43823290222}.Release|Win32.Build.0 = Release|Win32
		{BFE8F0B3-1DF4-4A0A-ABE6-B43823290222}.Release|x64.ActiveCfg = Release|x64
		{BFE8F0B3-1DF4-4A0A-ABE6-B43823290222}.Release|x64.Build.0 = Release|x64
		{22A8607C-CAAF-4669-9D64-B5EF58D6F491}.Debug|Win32.ActiveCfg = Debug|Win32
		{22A8607C-CAAF-4669-9D64-B5EF58D6F491}.Debug|Win32.Build.0 = Debug|Win32
		{22A8607C-CAAF-4669-9D64-B5EF58D6F491}.Debug|x64.ActiveCfg = Debug|x64
		{22A8607C-CAAF-4669-9D64-B5EF58D6F491}.Debug|x64.Build.0 = Debug|x64
		{22A8607C-CAAF-4669-9D64-B5EF58D6F491}.Release|Win32.ActiveCfg = Release|Win32
		{22A8607C-CAAF-4669-9D64-B5EF58D6F491}.Release|Win32.Build.0 = Release|Win32
		{22A8607C-CAAF-4669-9D64-B5EF58D6F491}.Release|x64.ActiveCfg = Release|x64
		{22A8607C-CAAF-4669-9D64-B5EF58D6F491}.Release|x64.Build.0 = Release|x64
	EndGlobalSection
	GlobalSection(SolutionProperties) = preSolution
		HideSolutionNode = FALSE
	EndGlobalSection
	GlobalSection(NestedProjects) = preSolution
		{1B4C9531-2F16-4A17-A174-9BFB4F3F7C57} = {892B67BA-F721-4C46-BD58-02D288B0B349}
		{532527BD-483F-4332-AA52-0D2208DFDC9C} = {892B67BA-F721-4C46-BD58-02D288B0B349}
		{F9B19E5E-9D7F-4477-BE60-052E406B8C2C} = {892B67BA-F721-4C46-BD58-02D288B0B349}
		{D3D25932-5343-4B11-84A9-3AB5130B2919} = {892B67BA-F721-4C46-BD58-02D288B0B349}
		{F736C1ED-41F3-4B7B-88D2-44031584C5C1} = {892B67BA-F721-4C46-BD58-02D288B0B349}
		{46308C26-0635-46A0-B346-15A62B3A2A49} = {892B67BA-F721-4C46-BD58-02D288B0B349}
		{1E08D755-5776-4A26-8A5E-B5F1E652CD7D} = {892B67BA-F721-4C46-BD58-02D288B0B349}
		{4C3D645A-4A80-487B-BE5D-20B947DF1436} = {5A0EDD04-4351-4C2A-ACAB-9F44239B7CD4}
		{78CB4CF9-2884-4D80-BC72-274622887AE4} = {5A0EDD04-4351-4C2A-ACAB-9F44239B7CD4}
		{688AE3DB-416E-4550-A11D-4B605EF3A648} = {5A0EDD04-4351-4C2A-ACAB-9F44239B7CD4}
		{E0E3FFFE-D8AF-4076-A3C6-3D09AE3F82D0} = {5A0EDD04-4351-4C2A-ACAB-9F44239B7CD4}
		{08647B99-3269-4556-8A97-D7DA76D16422} = {5A0EDD04-4351-4C2A-ACAB-9F44239B7CD4}
		{FC373A70-F95E-4297-9432-9CF613C6D766} = {5A0EDD04-4351-4C2A-ACAB-9F44239B7CD4}
		{351F017B-4824-4145-A025-BF970C88D961} = {5A0EDD04-4351-4C2A-ACAB-9F44239B7CD4}
		{12345967-F55B-40B6-838E-0BFBF8869389} = {5A0EDD04-4351-4C2A-ACAB-9F44239B7CD4}
		{00268566-9D17-41D6-8F70-20808B8C9E4B} = {5A0EDD04-4351-4C2A-ACAB-9F44239B7CD4}
		{2AD0F159-F99E-43F8-86CC-C672B2C4AEA4} = {5A0EDD04-4351-4C2A-ACAB-9F44239B7CD4}
		{2D78E790-36F2-4FDE-BF2A-EE538B20061E} = {5A0EDD04-4351-4C2A-ACAB-9F44239B7CD4}
		{32B366EB-FF37-4433-B705-312A057E6155} = {5A0EDD04-4351-4C2A-ACAB-9F44239B7CD4}
		{E7F0702D-34A5-4B9B-994B-1B2442AF6B58} = {5A0EDD04-4351-4C2A-ACAB-9F44239B7CD4}
		{957AE24D-339D-4CDD-B057-CEA7897D66B2} = {5A0EDD04-4351-4C2A-ACAB-9F44239B7CD4}
		{51BDF209-A770-4564-968D-6001BD927B2D} = {5A0EDD04-4351-4C2A-ACAB-9F44239B7CD4}
		{3AED0F63-4330-4F66-B432-EC4BF5F54388} = {5A0EDD04-4351-4C2A-ACAB-9F44239B7CD4}
		{B51A739B-8AF1-4BF2-83C0-188899E23FAB} = {5A0EDD04-4351-4C2A-ACAB-9F44239B7CD4}
		{955EE8CA-240E-4A3F-B2FD-180791124F1D} = {8C325F6E-862C-44AA-9F05-7A1ECF6267DF}
		{A947A48D-17A1-4A4D-BB75-6E80D6058906} = {892B67BA-F721-4C46-BD58-02D288B0B349}
		{FA6B66D1-160F-4623-9560-C579721DE260} = {8C325F6E-862C-44AA-9F05-7A1ECF6267DF}
		{4CEB49DA-FA1E-4CBD-9972-1C767D940D16} = {8C325F6E-862C-44AA-9F05-7A1ECF6267DF}
		{B2045FE1-2F89-4EA1-8F06-21084064EE63} = {8C325F6E-862C-44AA-9F05-7A1ECF6267DF}
		{BC4BC250-6314-48B2-8EF4-525F0C607881} = {8C325F6E-862C-44AA-9F05-7A1ECF6267DF}
		{5A861992-D4B4-47C5-8CDB-48F0A6DE0BFE} = {8C325F6E-862C-44AA-9F05-7A1ECF6267DF}
		{8985974E-8B7B-4B49-B138-6D1DFA528D96} = {8C325F6E-862C-44AA-9F05-7A1ECF6267DF}
		{6CAF91CE-790A-4E2A-BEBB-B441838C0036} = {8C325F6E-862C-44AA-9F05-7A1ECF6267DF}
		{BFE8F0B3-1DF4-4A0A-ABE6-B43823290222} = {8C325F6E-862C-44AA-9F05-7A1ECF6267DF}
		{22A8607C-CAAF-4669-9D64-B5EF58D6F491} = {8C325F6E-862C-44AA-9F05-7A1ECF6267DF}
	EndGlobalSection
	GlobalSection(ExtensibilityGlobals) = postSolution
		SolutionGuid = {8250DDFB-05F2-4222-8537-ABA9B5B70445}
	EndGlobalSection
EndGlobal
