
Microsoft Visual Studio Solution File, Format Version 12.00
# Visual Studio Version 16
VisualStudioVersion = 16.0.32630.194
MinimumVisualStudioVersion = 10.0.40219.1
Project("{2150E333-8FDC-42A3-9474-1A3956D46DE8}") = "Exercise", "Exercise", "{8C325F6E-862C-44AA-9F05-7A1ECF6267DF}"
EndProject
Project("{2150E333-8FDC-42A3-9474-1A3956D46DE8}") = "Textbook", "Textbook", "{892B67BA-F721-4C46-BD58-02D288B0B349}"
EndProject
Project("{8BC9CEB8-8B4A-11D0-8D11-00A0C91BC942}") = "01.Introduction", "Textbook\01.Introduction\01.Introduction.vcxproj", "{1B4C9531-2F16-4A17-A174-9BFB4F3F7C57}"
EndProject
Project("{8BC9CEB8-8B4A-11D0-8D11-00A0C91BC942}") = "02.vector", "Textbook\02.vector\02.vector.vcxproj", "{532527BD-483F-4332-AA52-0D2208DFDC9C}"
EndProject
Project("{8BC9CEB8-8B4A-11D0-8D11-00A0C91BC942}") = "03.list", "Textbook\03.list\03.list.vcxproj", "{F9B19E5E-9D7F-4477-BE60-052E406B8C2C}"
EndProject
Project("{8BC9CEB8-8B4A-11D0-8D11-00A0C91BC942}") = "04.queue", "Textbook\04.queue\04.queue.vcxproj", "{D3D25932-5343-4B11-84A9-3AB5130B2919}"
EndProject
Project("{8BC9CEB8-8B4A-11D0-8D11-00A0C91BC942}") = "04.stack", "Textbook\04.stack\04.stack.vcxproj", "{F736C1ED-41F3-4B7B-88D2-44031584C5C1}"
EndProject
Project("{8BC9CEB8-8B4A-11D0-8D11-00A0C91BC942}") = "05.bintree", "Textbook\05.bintree\05.bintree.vcxproj", "{46308C26-0635-46A0-B346-15A62B3A2A49}"
EndProject
Project("{8BC9CEB8-8B4A-11D0-8D11-00A0C91BC942}") = "06.Graph", "Textbook\06.Graph\06.Graph.vcxproj", "{1E08D755-5776-4A26-8A5E-B5F1E652CD7D}"
EndProject
Project("{2150E333-8FDC-42A3-9474-1A3956D46DE8}") = "PA", "PA", "{5A0EDD04-4351-4C2A-ACAB-9F44239B7CD4}"
EndProject
Project("{8BC9CEB8-8B4A-11D0-8D11-00A0C91BC942}") = "oj_tutorial", "PA\oj_tutorial\oj_tutorial.vcxproj", "{4C3D645A-4A80-487B-BE5D-20B947DF1436}"
EndProject
Project("{8BC9CEB8-8B4A-11D0-8D11-00A0C91BC942}") = "PA1_1_Range", "PA\PA1_1_Range\PA1_1_RangeRange.vcxproj", "{78CB4CF9-2884-4D80-BC72-274622887AE4}"
EndProject
Project("{8BC9CEB8-8B4A-11D0-8D11-00A0C91BC942}") = "PA1_2_Zuma", "PA\PA1_2_Zuma\PA1_2_Zuma.vcxproj", "{688AE3DB-416E-4550-A11D-4B605EF3A648}"
EndProject
Project("{8BC9CEB8-8B4A-11D0-8D11-00A0C91BC942}") = "PA1_3_LightHouse", "PA\PA1_3_LightHouse\PA1_3_LightHouse.vcxproj", "{E0E3FFFE-D8AF-4076-A3C6-3D09AE3F82D0}"
EndProject
Project("{8BC9CEB8-8B4A-11D0-8D11-00A0C91BC942}") = "PA2_1_Train", "PA\PA2_1_Train\PA2_1_Train.vcxproj", "{08647B99-3269-4556-8A97-D7DA76D16422}"
EndProject
Project("{8BC9CEB8-8B4A-11D0-8D11-00A0C91BC942}") = "PA2_2_Tunel", "PA\PA2_2_Tunel\PA2_2_Tunel.vcxproj", "{FC373A70-F95E-4297-9432-9CF613C6D766}"
EndProject
Project("{8BC9CEB8-8B4A-11D0-8D11-00A0C91BC942}") = "PA2_3_ProperRebuild", "PA\PA2_3_ProperRebuild\PA2_3_ProperRebuild.vcxproj", "{351F017B-4824-4145-A025-BF970C88D961}"
EndProject
Project("{8BC9CEB8-8B4A-11D0-8D11-00A0C91BC942}") = "PA3_1_TSP", "PA\PA3_1_TSP\PA3_1_TSP.vcxproj", "{12345967-F55B-40B6-838E-0BFBF8869389}"
EndProject
Project("{8BC9CEB8-8B4A-11D0-8D11-00A0C91BC942}") = "THUPA1_1_Team", "PA\THUPA1_1_Team\THUPA1_1_Team.vcxproj", "{00268566-9D17-41D6-8F70-20808B8C9E4B}"
EndProject
Project("{8BC9CEB8-8B4A-11D0-8D11-00A0C91BC942}") = "THUPA1_2_Company", "PA\THUPA1_2_Company\THUPA1_2_Company.vcxproj", "{2AD0F159-F99E-43F8-86CC-C672B2C4AEA4}"
EndProject
Project("{8BC9CEB8-8B4A-11D0-8D11-00A0C91BC942}") = "THUPA1_3_Interview", "PA\THUPA1_3_Interview\THUPA1_3_Interview.vcxproj", "{2D78E790-36F2-4FDE-BF2A-EE538B20061E}"
EndProject
Project("{8BC9CEB8-8B4A-11D0-8D11-00A0C91BC942}") = "THUPA1_4_Hospital", "PA\THUPA1_4_Hospital\THUPA1_4_Hospital.vcxproj", "{32B366EB-FF37-4433-B705-312A057E6155}"
EndProject
Project("{8BC9CEB8-8B4A-11D0-8D11-00A0C91BC942}") = "THUPA2_1_Alarm", "PA\THUPA2_1_Alarm\THUPA2_1_Alarm.vcxproj", "{E7F0702D-34A5-4B9B-994B-1B2442AF6B58}"
EndProject
Project("{8BC9CEB8-8B4A-11D0-8D11-00A0C91BC942}") = "THUPA2_2_Train", "PA\THUPA2_2_Train\THUPA2_2_Train.vcxproj", "{957AE24D-339D-4CDD-B057-CEA7897D66B2}"
EndProject
Project("{8BC9CEB8-8B4A-11D0-8D11-00A0C91BC942}") = "THUPA2_3_Rebuild", "PA\THUPA2_3_Rebuild\THUPA2_3_Rebuild.vcxproj", "{51BDF209-A770-4564-968D-6001BD927B2D}"
EndProject
Project("{8BC9CEB8-8B4A-11D0-8D11-00A0C91BC942}") = "THUPA2_4_Queap", "PA\THUPA2_4_Queap\THUPA2_4_Queap.vcxproj", "{3AED0F63-4330-4F66-B432-EC4BF5F54388}"
EndProject
Project("{8BC9CEB8-8B4A-11D0-8D11-00A0C91BC942}") = "THUPA3_1_TravelingSalesmanProblem", "PA\THUPA3_1_TravelingSalesmanProblem\THUPA3_1_TravelingSalesmanProblem.vcxproj", "{B51A739B-8AF1-4BF2-83C0-188899E23FAB}"
EndProject
Project("{2150E333-8FDC-42A3-9474-1A3956D46DE8}") = "include", "include", "{07A46C78-1B1A-4034-81D8-22B45D8FD879}"
EndProject
Project("{8BC9CEB8-8B4A-11D0-8D11-00A0C91BC942}") = "quick_sort", "Exercise\quick_sort\quick_sort.vcxproj", "{955EE8CA-240E-4A3F-B2FD-180791124F1D}"
EndProject
Project("{8BC9CEB8-8B4A-11D0-8D11-00A0C91BC942}") = "07.bst", "Textbook\07.bst\07.bst.vcxproj", "{A947A48D-17A1-4A4D-BB75-6E80D6058906}"
EndProject
Project("{8BC9CEB8-8B4A-11D0-8D11-00A0C91BC942}") = "2.34.bitmap", "Exercise\2.34.bitmap\2.34.bitmap.vcxproj", "{FA6B66D1-160F-4623-9560-C579721DE260}"
EndProject
Project("{8BC9CEB8-8B4A-11D0-8D11-00A0C91BC942}") = "1.12.count_ones", "Exercise\1.12.count_ones\1.12.count_ones.vcxproj", "{B2045FE1-2F89-4EA1-8F06-21084064EE63}"
EndProject
Project("{8BC9CEB8-8B4A-11D0-8D11-00A0C91BC942}") = "1.23.hanoi", "Exercise\1.23.hanoi\1.23.hanoi.vcxproj", "{BC4BC250-6314-48B2-8EF4-525F0C607881}"
EndProject
Project("{8BC9CEB8-8B4A-11D0-8D11-00A0C91BC942}") = "1.24.chessboard", "Exercise\1.24.chessboard\1.24.chessboard.vcxproj", "{5A861992-D4B4-47C5-8CDB-48F0A6DE0BFE}"
EndProject
Project("{8BC9CEB8-8B4A-11D0-8D11-00A0C91BC942}") = "1.25.gcd", "Exercise\1.25.gcd\1.25.gcd.vcxproj", "{8985974E-8B7B-4B49-B138-6D1DFA528D96}"
EndProject
Project("{8BC9CEB8-8B4A-11D0-8D11-00A0C91BC942}") = "1.14.power", "Exercise\1.14.power\1.14.power.vcxproj", "{6CAF91CE-790A-4E2A-BEBB-B441838C0036}"
EndProject
Project("{8BC9CEB8-8B4A-11D0-8D11-00A0C91BC942}") = "1.21.fibonacci", "Exercise\1.21.fibonacci\1.21.fibonacci.vcxproj", "{BFE8F0B3-1DF4-4A0A-ABE6-B43823290222}"
EndProject
Project("{8BC9CEB8-8B4A-11D0-8D11-00A0C91BC942}") = "1.26.shift", "Exercise\1.26.shift\1.26.shift.vcxproj", "{22A8607C-CAAF-4669-9D64-B5EF58D6F491}"
EndProject
Project("{8BC9CEB8-8B4A-11D0-8D11-00A0C91BC942}") = "1.27.ackermann", "Exercise\1.27.ackermann\1.27.ackermann.vcxproj", "{D7857545-7BB7-4B61-A796-DE672FCA89E3}"
EndProject
Project("{8BC9CEB8-8B4A-11D0-8D11-00A0C91BC942}") = "2.35.rm_dup_ascii", "Exercise\2.35.rm_dup_ascii\2.35.rm_dup_ascii.vcxproj", "{1D06A74C-5C92-4F47-9C2B-8F619351A342}"
EndProject
Project("{8BC9CEB8-8B4A-11D0-8D11-00A0C91BC942}") = "2.36.eratosthenes", "Exercise\2.36.eratosthenes\2.36.eratosthenes.vcxproj", "{B5E7D2C0-F8C7-4BFF-BC4B-AA90525DF939}"
EndProject
Project("{8BC9CEB8-8B4A-11D0-8D11-00A0C91BC942}") = "3.19.josephus", "Exercise\3.19.josephus\3.19.josephus.vcxproj", "{80B862E2-AA7C-4650-AB9F-6D433C99791F}"
EndProject
Project("{8BC9CEB8-8B4A-11D0-8D11-00A0C91BC942}") = "08.advanced_search_tree", "Textbook\08.advanced_search_tree\08.advanced_search_tree.vcxproj", "{5A486F0D-431D-492B-8FC4-9998E41E4BF7}"
EndProject
Project("{8BC9CEB8-8B4A-11D0-8D11-00A0C91BC942}") = "09.skiplist", "Textbook\09.skiplist\09.skiplist.vcxproj", "{25EB799B-86D1-4D6A-A016-C5A2A12703C5}"
EndProject
Project("{2150E333-8FDC-42A3-9474-1A3956D46DE8}") = "dtl", "dtl", "{58BAD2C0-2DB0-49A2-AF96-09316A8487C2}"
	ProjectSection(SolutionItems) = preProject
		include\dtl\avl.h = include\dtl\avl.h
		include\dtl\binnode.h = include\dtl\binnode.h
		include\dtl\bintree.h = include\dtl\bintree.h
		include\dtl\bitmap.h = include\dtl\bitmap.h
		include\dtl\bst.h = include\dtl\bst.h
		include\dtl\btnode.h = include\dtl\btnode.h
		include\dtl\btree.h = include\dtl\btree.h
		include\dtl\comparator.h = include\dtl\comparator.h
		include\dtl\complete_heap.h = include\dtl\complete_heap.h
		include\dtl\config.h = include\dtl\config.h
		include\dtl\deque.h = include\dtl\deque.h
		include\dtl\dictionary.h = include\dtl\dictionary.h
		include\dtl\entry.h = include\dtl\entry.h
		include\dtl\fibnacci.h = include\dtl\fibnacci.h
		include\dtl\graph.h = include\dtl\graph.h
		include\dtl\graph_matrix.h = include\dtl\graph_matrix.h
		include\dtl\hashtable.h = include\dtl\hashtable.h
		include\dtl\huffman.h = include\dtl\huffman.h
		include\dtl\left_heap.h = include\dtl\left_heap.h
		include\dtl\list.h = include\dtl\list.h
		include\dtl\list_node.h = include\dtl\list_node.h
		include\dtl\pfc.h = include\dtl\pfc.h
		include\dtl\prime.h = include\dtl\prime.h
		include\dtl\priority_queue.h = include\dtl\priority_queue.h
		include\dtl\quadlist.h = include\dtl\quadlist.h
		include\dtl\quadlist_node.h = include\dtl\quadlist_node.h
		include\dtl\queue.h = include\dtl\queue.h
		include\dtl\rbtree.h = include\dtl\rbtree.h
		include\dtl\README.md = include\dtl\README.md
		include\dtl\release.h = include\dtl\release.h
		include\dtl\skiplist.h = include\dtl\skiplist.h
		include\dtl\splay.h = include\dtl\splay.h
		include\dtl\stack.h = include\dtl\stack.h
		include\dtl\swap.h = include\dtl\swap.h
		include\dtl\vector.h = include\dtl\vector.h
	EndProjectSection
EndProject
Project("{2150E333-8FDC-42A3-9474-1A3956D46DE8}") = "util", "util", "{61AB718E-7C05-4BE6-873E-7EB26ED0FBCD}"
	ProjectSection(SolutionItems) = preProject
		include\util\check.h = include\util\check.h
		include\util\op.h = include\util\op.h
		include\util\print.h = include\util\print.h
		include\util\rand.h = include\util\rand.h
		include\util\util.h = include\util\util.h
		include\util\wait.h = include\util\wait.h
	EndProjectSection
EndProject
Project("{8BC9CEB8-8B4A-11D0-8D11-00A0C91BC942}") = "09.hashtable", "Textbook\09.hashtable\09.hashtable.vcxproj", "{E0DBF093-C974-42C5-8A27-ADA04BA8BAD5}"
EndProject
Project("{2150E333-8FDC-42A3-9474-1A3956D46DE8}") = "_input", "_input", "{3B9B807C-120F-457D-AE0B-E6BF405B6784}"
EndProject
Project("{8BC9CEB8-8B4A-11D0-8D11-00A0C91BC942}") = "05.prefix_free_code", "Textbook\05.prefix_free_code\05.prefix_free_code.vcxproj", "{DBDB5873-84F0-438B-AE51-BFB3AD7BF737}"
EndProject
Project("{8BC9CEB8-8B4A-11D0-8D11-00A0C91BC942}") = "05.huffman", "Textbook\05.huffman\05.huffman.vcxproj", "{B615A905-381E-431C-A19E-FB95DF0D8D5D}"
EndProject
Project("{8BC9CEB8-8B4A-11D0-8D11-00A0C91BC942}") = "10.priority_queue", "Textbook\10.priority_queue\10.priority_queue.vcxproj", "{D663C066-3EAA-495E-9E19-263891D0FEA5}"
EndProject
Project("{2150E333-8FDC-42A3-9474-1A3956D46DE8}") = "test", "test", "{DFA2CDDC-8413-494A-85C8-0021F8F38C60}"
	ProjectSection(SolutionItems) = preProject
		include\test\test_bintree.h = include\test\test_bintree.h
		include\test\test_deque.h = include\test\test_deque.h
		include\test\test_graph.h = include\test\test_graph.h
		include\test\test_list.h = include\test\test_list.h
		include\test\test_priority_quque.h = include\test\test_priority_quque.h
		include\test\test_queue.h = include\test\test_queue.h
		include\test\test_stack.h = include\test\test_stack.h
		include\test\test_statck.h = include\test\test_statck.h
		include\test\test_vector.h = include\test\test_vector.h
	EndProjectSection
EndProject
Project("{8BC9CEB8-8B4A-11D0-8D11-00A0C91BC942}") = "04.evaluate", "Textbook\04.evaluate\04.evaluate.vcxproj", "{1CF4EC82-57DC-4A6B-8967-A1581EAB0E4C}"
EndProject
Project("{8BC9CEB8-8B4A-11D0-8D11-00A0C91BC942}") = "04.queens", "Textbook\04.queens\04.queens.vcxproj", "{99B776CE-517E-40C0-8354-74E32BFFCC49}"
EndProject
Project("{8BC9CEB8-8B4A-11D0-8D11-00A0C91BC942}") = "04.labyrinth", "Textbook\04.labyrinth\04.labyrinth.vcxproj", "{728F0BE5-7482-4C0B-B298-B5CE14CC9400}"
EndProject
Project("{8BC9CEB8-8B4A-11D0-8D11-00A0C91BC942}") = "4.18.fermat_lagrange", "Exercise\4.18.fermat_lagrange\4.18.fermat_lagrange.vcxproj", "{F83456B5-1E8B-4798-B97E-9394037479EB}"
EndProject
Project("{8BC9CEB8-8B4A-11D0-8D11-00A0C91BC942}") = "1.02.island", "Exercise\1.02.island\1.02.island.vcxproj", "{4CEB49DA-FA1E-4CBD-9972-1C767D940D16}"
EndProject
Project("{8BC9CEB8-8B4A-11D0-8D11-00A0C91BC942}") = "4.19.expression", "Exercise\4.19.expression\4.19.expression.vcxproj", "{A910B77B-7982-40B3-A4EC-813E5788DD77}"
EndProject
Project("{8BC9CEB8-8B4A-11D0-8D11-00A0C91BC942}") = "4.22.deque", "Exercise\4.22.deque\4.22.deque.vcxproj", "{198F3F33-6F5E-451C-9E11-46019566A0CF}"
EndProject
Project("{8BC9CEB8-8B4A-11D0-8D11-00A0C91BC942}") = "4.20.bank", "Exercise\4.20.bank\4.20.bank.vcxproj", "{69FD4C7D-600C-49C6-BB75-F89DF1A67CA7}"
EndProject
Project("{8BC9CEB8-8B4A-11D0-8D11-00A0C91BC942}") = "arithmetic_progression", "Exercise\arithmetic_progression\arithmetic_progression.vcxproj", "{06548717-49DE-46D5-A8EC-E5218148137B}"
EndProject
Project("{8BC9CEB8-8B4A-11D0-8D11-00A0C91BC942}") = "geometric_progression", "Exercise\geometric_progression\geometric_progression.vcxproj", "{FBA298CD-ED72-4F63-9694-9123674369D9}"
EndProject
Project("{2150E333-8FDC-42A3-9474-1A3956D46DE8}") = "C", "C", "{4783E72A-7C0F-45A8-83A9-8ED286389AAA}"
EndProject
Project("{8BC9CEB8-8B4A-11D0-8D11-00A0C91BC942}") = "bintree", "C\bintree\bintree.vcxproj", "{69F4670D-9D42-44AA-9231-2A013CA9E4B6}"
EndProject
Project("{8BC9CEB8-8B4A-11D0-8D11-00A0C91BC942}") = "cny", "C\cny\cny.vcxproj", "{A2E212F9-0B2D-4021-85A3-6C67456B947C}"
EndProject
Project("{8BC9CEB8-8B4A-11D0-8D11-00A0C91BC942}") = "cny_simple", "C\cny_simple\cny_simple.vcxproj", "{239B9AE4-18DF-4EFE-A4CE-3CA086764535}"
EndProject
Project("{8BC9CEB8-8B4A-11D0-8D11-00A0C91BC942}") = "division", "C\division\division.vcxproj", "{F68A65F8-FAD3-421A-9083-6AC50F9B2B0B}"
EndProject
Project("{8BC9CEB8-8B4A-11D0-8D11-00A0C91BC942}") = "factorial", "C\factorial\factorial.vcxproj", "{8414C743-3B84-45D9-BAFE-B8B4FB97C0FF}"
EndProject
Project("{8BC9CEB8-8B4A-11D0-8D11-00A0C91BC942}") = "list", "C\list\list.vcxproj", "{7A0FCBEF-7D03-49F7-AFB7-11D0F5F4B57E}"
EndProject
Project("{8BC9CEB8-8B4A-11D0-8D11-00A0C91BC942}") = "pi", "C\pi\pi.vcxproj", "{B49B2B26-D136-47DC-BB71-FD5B45839BA3}"
EndProject
Project("{8BC9CEB8-8B4A-11D0-8D11-00A0C91BC942}") = "root", "C\root\root.vcxproj", "{60174D2B-FBD6-47B6-B9A5-A6380A813697}"
EndProject
Project("{8BC9CEB8-8B4A-11D0-8D11-00A0C91BC942}") = "bst", "C\bst\bst.vcxproj", "{75512762-C033-449F-B3A2-6B05BCD0525D}"
EndProject
Project("{2150E333-8FDC-42A3-9474-1A3956D46DE8}") = "CPP", "CPP", "{BE81E1D6-288C-484E-9D36-DC7BA24B2A0B}"
EndProject
Project("{8BC9CEB8-8B4A-11D0-8D11-00A0C91BC942}") = "polynomial_of_1_indeterminate", "C\polynomial_of_1_indeterminate\polynomial_of_1_indeterminate.vcxproj", "{BA46ACD7-FA25-4CA5-BBEE-C73505DE2D2E}"
EndProject
Project("{8BC9CEB8-8B4A-11D0-8D11-00A0C91BC942}") = "circle_partition_plane", "C\circle_partition_plane\circle_partition_plane.vcxproj", "{2CD4AB1A-CA64-4DD4-9366-A903702D60B7}"
EndProject
Global
	GlobalSection(SolutionConfigurationPlatforms) = preSolution
		Debug|Win32 = Debug|Win32
		Debug|x64 = Debug|x64
		Release|Win32 = Release|Win32
		Release|x64 = Release|x64
	EndGlobalSection
	GlobalSection(ProjectConfigurationPlatforms) = postSolution
		{1B4C9531-2F16-4A17-A174-9BFB4F3F7C57}.Debug|Win32.ActiveCfg = Debug|Win32
		{1B4C9531-2F16-4A17-A174-9BFB4F3F7C57}.Debug|Win32.Build.0 = Debug|Win32
		{1B4C9531-2F16-4A17-A174-9BFB4F3F7C57}.Debug|x64.ActiveCfg = Debug|Win32
		{1B4C9531-2F16-4A17-A174-9BFB4F3F7C57}.Release|Win32.ActiveCfg = Release|Win32
		{1B4C9531-2F16-4A17-A174-9BFB4F3F7C57}.Release|Win32.Build.0 = Release|Win32
		{1B4C9531-2F16-4A17-A174-9BFB4F3F7C57}.Release|x64.ActiveCfg = Release|Win32
		{532527BD-483F-4332-AA52-0D2208DFDC9C}.Debug|Win32.ActiveCfg = Debug|Win32
		{532527BD-483F-4332-AA52-0D2208DFDC9C}.Debug|Win32.Build.0 = Debug|Win32
		{532527BD-483F-4332-AA52-0D2208DFDC9C}.Debug|x64.ActiveCfg = Debug|Win32
		{532527BD-483F-4332-AA52-0D2208DFDC9C}.Release|Win32.ActiveCfg = Release|Win32
		{532527BD-483F-4332-AA52-0D2208DFDC9C}.Release|Win32.Build.0 = Release|Win32
		{532527BD-483F-4332-AA52-0D2208DFDC9C}.Release|x64.ActiveCfg = Release|Win32
		{F9B19E5E-9D7F-4477-BE60-052E406B8C2C}.Debug|Win32.ActiveCfg = Debug|Win32
		{F9B19E5E-9D7F-4477-BE60-052E406B8C2C}.Debug|Win32.Build.0 = Debug|Win32
		{F9B19E5E-9D7F-4477-BE60-052E406B8C2C}.Debug|x64.ActiveCfg = Debug|Win32
		{F9B19E5E-9D7F-4477-BE60-052E406B8C2C}.Release|Win32.ActiveCfg = Release|Win32
		{F9B19E5E-9D7F-4477-BE60-052E406B8C2C}.Release|Win32.Build.0 = Release|Win32
		{F9B19E5E-9D7F-4477-BE60-052E406B8C2C}.Release|x64.ActiveCfg = Release|Win32
		{D3D25932-5343-4B11-84A9-3AB5130B2919}.Debug|Win32.ActiveCfg = Debug|Win32
		{D3D25932-5343-4B11-84A9-3AB5130B2919}.Debug|Win32.Build.0 = Debug|Win32
		{D3D25932-5343-4B11-84A9-3AB5130B2919}.Debug|x64.ActiveCfg = Debug|Win32
		{D3D25932-5343-4B11-84A9-3AB5130B2919}.Release|Win32.ActiveCfg = Release|Win32
		{D3D25932-5343-4B11-84A9-3AB5130B2919}.Release|Win32.Build.0 = Release|Win32
		{D3D25932-5343-4B11-84A9-3AB5130B2919}.Release|x64.ActiveCfg = Release|Win32
		{F736C1ED-41F3-4B7B-88D2-44031584C5C1}.Debug|Win32.ActiveCfg = Debug|Win32
		{F736C1ED-41F3-4B7B-88D2-44031584C5C1}.Debug|Win32.Build.0 = Debug|Win32
		{F736C1ED-41F3-4B7B-88D2-44031584C5C1}.Debug|x64.ActiveCfg = Debug|Win32
		{F736C1ED-41F3-4B7B-88D2-44031584C5C1}.Release|Win32.ActiveCfg = Release|Win32
		{F736C1ED-41F3-4B7B-88D2-44031584C5C1}.Release|Win32.Build.0 = Release|Win32
		{F736C1ED-41F3-4B7B-88D2-44031584C5C1}.Release|x64.ActiveCfg = Release|Win32
		{46308C26-0635-46A0-B346-15A62B3A2A49}.Debug|Win32.ActiveCfg = Debug|Win32
		{46308C26-0635-46A0-B346-15A62B3A2A49}.Debug|Win32.Build.0 = Debug|Win32
		{46308C26-0635-46A0-B346-15A62B3A2A49}.Debug|x64.ActiveCfg = Debug|Win32
		{46308C26-0635-46A0-B346-15A62B3A2A49}.Release|Win32.ActiveCfg = Release|Win32
		{46308C26-0635-46A0-B346-15A62B3A2A49}.Release|Win32.Build.0 = Release|Win32
		{46308C26-0635-46A0-B346-15A62B3A2A49}.Release|x64.ActiveCfg = Release|Win32
		{1E08D755-5776-4A26-8A5E-B5F1E652CD7D}.Debug|Win32.ActiveCfg = Debug|Win32
		{1E08D755-5776-4A26-8A5E-B5F1E652CD7D}.Debug|Win32.Build.0 = Debug|Win32
		{1E08D755-5776-4A26-8A5E-B5F1E652CD7D}.Debug|x64.ActiveCfg = Debug|Win32
		{1E08D755-5776-4A26-8A5E-B5F1E652CD7D}.Release|Win32.ActiveCfg = Release|Win32
		{1E08D755-5776-4A26-8A5E-B5F1E652CD7D}.Release|Win32.Build.0 = Release|Win32
		{1E08D755-5776-4A26-8A5E-B5F1E652CD7D}.Release|x64.ActiveCfg = Release|Win32
		{4C3D645A-4A80-487B-BE5D-20B947DF1436}.Debug|Win32.ActiveCfg = Debug|Win32
		{4C3D645A-4A80-487B-BE5D-20B947DF1436}.Debug|Win32.Build.0 = Debug|Win32
		{4C3D645A-4A80-487B-BE5D-20B947DF1436}.Debug|x64.ActiveCfg = Debug|Win32
		{4C3D645A-4A80-487B-BE5D-20B947DF1436}.Release|Win32.ActiveCfg = Release|Win32
		{4C3D645A-4A80-487B-BE5D-20B947DF1436}.Release|Win32.Build.0 = Release|Win32
		{4C3D645A-4A80-487B-BE5D-20B947DF1436}.Release|x64.ActiveCfg = Release|Win32
		{78CB4CF9-2884-4D80-BC72-274622887AE4}.Debug|Win32.ActiveCfg = Debug|Win32
		{78CB4CF9-2884-4D80-BC72-274622887AE4}.Debug|Win32.Build.0 = Debug|Win32
		{78CB4CF9-2884-4D80-BC72-274622887AE4}.Debug|x64.ActiveCfg = Debug|Win32
		{78CB4CF9-2884-4D80-BC72-274622887AE4}.Release|Win32.ActiveCfg = Release|Win32
		{78CB4CF9-2884-4D80-BC72-274622887AE4}.Release|Win32.Build.0 = Release|Win32
		{78CB4CF9-2884-4D80-BC72-274622887AE4}.Release|x64.ActiveCfg = Release|Win32
		{688AE3DB-416E-4550-A11D-4B605EF3A648}.Debug|Win32.ActiveCfg = Debug|Win32
		{688AE3DB-416E-4550-A11D-4B605EF3A648}.Debug|Win32.Build.0 = Debug|Win32
		{688AE3DB-416E-4550-A11D-4B605EF3A648}.Debug|x64.ActiveCfg = Debug|Win32
		{688AE3DB-416E-4550-A11D-4B605EF3A648}.Release|Win32.ActiveCfg = Release|Win32
		{688AE3DB-416E-4550-A11D-4B605EF3A648}.Release|Win32.Build.0 = Release|Win32
		{688AE3DB-416E-4550-A11D-4B605EF3A648}.Release|x64.ActiveCfg = Release|Win32
		{E0E3FFFE-D8AF-4076-A3C6-3D09AE3F82D0}.Debug|Win32.ActiveCfg = Debug|Win32
		{E0E3FFFE-D8AF-4076-A3C6-3D09AE3F82D0}.Debug|Win32.Build.0 = Debug|Win32
		{E0E3FFFE-D8AF-4076-A3C6-3D09AE3F82D0}.Debug|x64.ActiveCfg = Debug|Win32
		{E0E3FFFE-D8AF-4076-A3C6-3D09AE3F82D0}.Release|Win32.ActiveCfg = Release|Win32
		{E0E3FFFE-D8AF-4076-A3C6-3D09AE3F82D0}.Release|Win32.Build.0 = Release|Win32
		{E0E3FFFE-D8AF-4076-A3C6-3D09AE3F82D0}.Release|x64.ActiveCfg = Release|Win32
		{08647B99-3269-4556-8A97-D7DA76D16422}.Debug|Win32.ActiveCfg = Debug|Win32
		{08647B99-3269-4556-8A97-D7DA76D16422}.Debug|Win32.Build.0 = Debug|Win32
		{08647B99-3269-4556-8A97-D7DA76D16422}.Debug|x64.ActiveCfg = Debug|Win32
		{08647B99-3269-4556-8A97-D7DA76D16422}.Release|Win32.ActiveCfg = Release|Win32
		{08647B99-3269-4556-8A97-D7DA76D16422}.Release|Win32.Build.0 = Release|Win32
		{08647B99-3269-4556-8A97-D7DA76D16422}.Release|x64.ActiveCfg = Release|Win32
		{FC373A70-F95E-4297-9432-9CF613C6D766}.Debug|Win32.ActiveCfg = Debug|Win32
		{FC373A70-F95E-4297-9432-9CF613C6D766}.Debug|Win32.Build.0 = Debug|Win32
		{FC373A70-F95E-4297-9432-9CF613C6D766}.Debug|x64.ActiveCfg = Debug|Win32
		{FC373A70-F95E-4297-9432-9CF613C6D766}.Release|Win32.ActiveCfg = Release|Win32
		{FC373A70-F95E-4297-9432-9CF613C6D766}.Release|Win32.Build.0 = Release|Win32
		{FC373A70-F95E-4297-9432-9CF613C6D766}.Release|x64.ActiveCfg = Release|Win32
		{351F017B-4824-4145-A025-BF970C88D961}.Debug|Win32.ActiveCfg = Debug|Win32
		{351F017B-4824-4145-A025-BF970C88D961}.Debug|Win32.Build.0 = Debug|Win32
		{351F017B-4824-4145-A025-BF970C88D961}.Debug|x64.ActiveCfg = Debug|Win32
		{351F017B-4824-4145-A025-BF970C88D961}.Release|Win32.ActiveCfg = Release|Win32
		{351F017B-4824-4145-A025-BF970C88D961}.Release|Win32.Build.0 = Release|Win32
		{351F017B-4824-4145-A025-BF970C88D961}.Release|x64.ActiveCfg = Release|Win32
		{12345967-F55B-40B6-838E-0BFBF8869389}.Debug|Win32.ActiveCfg = Debug|Win32
		{12345967-F55B-40B6-838E-0BFBF8869389}.Debug|Win32.Build.0 = Debug|Win32
		{12345967-F55B-40B6-838E-0BFBF8869389}.Debug|x64.ActiveCfg = Debug|Win32
		{12345967-F55B-40B6-838E-0BFBF8869389}.Release|Win32.ActiveCfg = Release|Win32
		{12345967-F55B-40B6-838E-0BFBF8869389}.Release|Win32.Build.0 = Release|Win32
		{12345967-F55B-40B6-838E-0BFBF8869389}.Release|x64.ActiveCfg = Release|Win32
		{00268566-9D17-41D6-8F70-20808B8C9E4B}.Debug|Win32.ActiveCfg = Debug|Win32
		{00268566-9D17-41D6-8F70-20808B8C9E4B}.Debug|Win32.Build.0 = Debug|Win32
		{00268566-9D17-41D6-8F70-20808B8C9E4B}.Debug|x64.ActiveCfg = Debug|Win32
		{00268566-9D17-41D6-8F70-20808B8C9E4B}.Release|Win32.ActiveCfg = Release|Win32
		{00268566-9D17-41D6-8F70-20808B8C9E4B}.Release|Win32.Build.0 = Release|Win32
		{00268566-9D17-41D6-8F70-20808B8C9E4B}.Release|x64.ActiveCfg = Release|Win32
		{2AD0F159-F99E-43F8-86CC-C672B2C4AEA4}.Debug|Win32.ActiveCfg = Debug|Win32
		{2AD0F159-F99E-43F8-86CC-C672B2C4AEA4}.Debug|Win32.Build.0 = Debug|Win32
		{2AD0F159-F99E-43F8-86CC-C672B2C4AEA4}.Debug|x64.ActiveCfg = Debug|Win32
		{2AD0F159-F99E-43F8-86CC-C672B2C4AEA4}.Release|Win32.ActiveCfg = Release|Win32
		{2AD0F159-F99E-43F8-86CC-C672B2C4AEA4}.Release|Win32.Build.0 = Release|Win32
		{2AD0F159-F99E-43F8-86CC-C672B2C4AEA4}.Release|x64.ActiveCfg = Release|Win32
		{2D78E790-36F2-4FDE-BF2A-EE538B20061E}.Debug|Win32.ActiveCfg = Debug|Win32
		{2D78E790-36F2-4FDE-BF2A-EE538B20061E}.Debug|Win32.Build.0 = Debug|Win32
		{2D78E790-36F2-4FDE-BF2A-EE538B20061E}.Debug|x64.ActiveCfg = Debug|Win32
		{2D78E790-36F2-4FDE-BF2A-EE538B20061E}.Release|Win32.ActiveCfg = Release|Win32
		{2D78E790-36F2-4FDE-BF2A-EE538B20061E}.Release|Win32.Build.0 = Release|Win32
		{2D78E790-36F2-4FDE-BF2A-EE538B20061E}.Release|x64.ActiveCfg = Release|Win32
		{32B366EB-FF37-4433-B705-312A057E6155}.Debug|Win32.ActiveCfg = Debug|Win32
		{32B366EB-FF37-4433-B705-312A057E6155}.Debug|Win32.Build.0 = Debug|Win32
		{32B366EB-FF37-4433-B705-312A057E6155}.Debug|x64.ActiveCfg = Debug|Win32
		{32B366EB-FF37-4433-B705-312A057E6155}.Release|Win32.ActiveCfg = Release|Win32
		{32B366EB-FF37-4433-B705-312A057E6155}.Release|Win32.Build.0 = Release|Win32
		{32B366EB-FF37-4433-B705-312A057E6155}.Release|x64.ActiveCfg = Release|Win32
		{E7F0702D-34A5-4B9B-994B-1B2442AF6B58}.Debug|Win32.ActiveCfg = Debug|Win32
		{E7F0702D-34A5-4B9B-994B-1B2442AF6B58}.Debug|Win32.Build.0 = Debug|Win32
		{E7F0702D-34A5-4B9B-994B-1B2442AF6B58}.Debug|x64.ActiveCfg = Debug|Win32
		{E7F0702D-34A5-4B9B-994B-1B2442AF6B58}.Release|Win32.ActiveCfg = Release|Win32
		{E7F0702D-34A5-4B9B-994B-1B2442AF6B58}.Release|Win32.Build.0 = Release|Win32
		{E7F0702D-34A5-4B9B-994B-1B2442AF6B58}.Release|x64.ActiveCfg = Release|Win32
		{957AE24D-339D-4CDD-B057-CEA7897D66B2}.Debug|Win32.ActiveCfg = Debug|Win32
		{957AE24D-339D-4CDD-B057-CEA7897D66B2}.Debug|Win32.Build.0 = Debug|Win32
		{957AE24D-339D-4CDD-B057-CEA7897D66B2}.Debug|x64.ActiveCfg = Debug|Win32
		{957AE24D-339D-4CDD-B057-CEA7897D66B2}.Release|Win32.ActiveCfg = Release|Win32
		{957AE24D-339D-4CDD-B057-CEA7897D66B2}.Release|Win32.Build.0 = Release|Win32
		{957AE24D-339D-4CDD-B057-CEA7897D66B2}.Release|x64.ActiveCfg = Release|Win32
		{51BDF209-A770-4564-968D-6001BD927B2D}.Debug|Win32.ActiveCfg = Debug|Win32
		{51BDF209-A770-4564-968D-6001BD927B2D}.Debug|Win32.Build.0 = Debug|Win32
		{51BDF209-A770-4564-968D-6001BD927B2D}.Debug|x64.ActiveCfg = Debug|Win32
		{51BDF209-A770-4564-968D-6001BD927B2D}.Release|Win32.ActiveCfg = Release|Win32
		{51BDF209-A770-4564-968D-6001BD927B2D}.Release|Win32.Build.0 = Release|Win32
		{51BDF209-A770-4564-968D-6001BD927B2D}.Release|x64.ActiveCfg = Release|Win32
		{3AED0F63-4330-4F66-B432-EC4BF5F54388}.Debug|Win32.ActiveCfg = Debug|Win32
		{3AED0F63-4330-4F66-B432-EC4BF5F54388}.Debug|Win32.Build.0 = Debug|Win32
		{3AED0F63-4330-4F66-B432-EC4BF5F54388}.Debug|x64.ActiveCfg = Debug|Win32
		{3AED0F63-4330-4F66-B432-EC4BF5F54388}.Release|Win32.ActiveCfg = Release|Win32
		{3AED0F63-4330-4F66-B432-EC4BF5F54388}.Release|Win32.Build.0 = Release|Win32
		{3AED0F63-4330-4F66-B432-EC4BF5F54388}.Release|x64.ActiveCfg = Release|Win32
		{B51A739B-8AF1-4BF2-83C0-188899E23FAB}.Debug|Win32.ActiveCfg = Debug|Win32
		{B51A739B-8AF1-4BF2-83C0-188899E23FAB}.Debug|Win32.Build.0 = Debug|Win32
		{B51A739B-8AF1-4BF2-83C0-188899E23FAB}.Debug|x64.ActiveCfg = Debug|Win32
		{B51A739B-8AF1-4BF2-83C0-188899E23FAB}.Release|Win32.ActiveCfg = Release|Win32
		{B51A739B-8AF1-4BF2-83C0-188899E23FAB}.Release|Win32.Build.0 = Release|Win32
		{B51A739B-8AF1-4BF2-83C0-188899E23FAB}.Release|x64.ActiveCfg = Release|Win32
		{955EE8CA-240E-4A3F-B2FD-180791124F1D}.Debug|Win32.ActiveCfg = Debug|Win32
		{955EE8CA-240E-4A3F-B2FD-180791124F1D}.Debug|Win32.Build.0 = Debug|Win32
		{955EE8CA-240E-4A3F-B2FD-180791124F1D}.Debug|x64.ActiveCfg = Debug|Win32
		{955EE8CA-240E-4A3F-B2FD-180791124F1D}.Release|Win32.ActiveCfg = Release|Win32
		{955EE8CA-240E-4A3F-B2FD-180791124F1D}.Release|Win32.Build.0 = Release|Win32
		{955EE8CA-240E-4A3F-B2FD-180791124F1D}.Release|x64.ActiveCfg = Release|Win32
		{A947A48D-17A1-4A4D-BB75-6E80D6058906}.Debug|Win32.ActiveCfg = Debug|Win32
		{A947A48D-17A1-4A4D-BB75-6E80D6058906}.Debug|Win32.Build.0 = Debug|Win32
		{A947A48D-17A1-4A4D-BB75-6E80D6058906}.Debug|x64.ActiveCfg = Debug|x64
		{A947A48D-17A1-4A4D-BB75-6E80D6058906}.Debug|x64.Build.0 = Debug|x64
		{A947A48D-17A1-4A4D-BB75-6E80D6058906}.Release|Win32.ActiveCfg = Release|Win32
		{A947A48D-17A1-4A4D-BB75-6E80D6058906}.Release|Win32.Build.0 = Release|Win32
		{A947A48D-17A1-4A4D-BB75-6E80D6058906}.Release|x64.ActiveCfg = Release|x64
		{A947A48D-17A1-4A4D-BB75-6E80D6058906}.Release|x64.Build.0 = Release|x64
		{FA6B66D1-160F-4623-9560-C579721DE260}.Debug|Win32.ActiveCfg = Debug|Win32
		{FA6B66D1-160F-4623-9560-C579721DE260}.Debug|Win32.Build.0 = Debug|Win32
		{FA6B66D1-160F-4623-9560-C579721DE260}.Debug|x64.ActiveCfg = Debug|x64
		{FA6B66D1-160F-4623-9560-C579721DE260}.Debug|x64.Build.0 = Debug|x64
		{FA6B66D1-160F-4623-9560-C579721DE260}.Release|Win32.ActiveCfg = Release|Win32
		{FA6B66D1-160F-4623-9560-C579721DE260}.Release|Win32.Build.0 = Release|Win32
		{FA6B66D1-160F-4623-9560-C579721DE260}.Release|x64.ActiveCfg = Release|x64
		{FA6B66D1-160F-4623-9560-C579721DE260}.Release|x64.Build.0 = Release|x64
		{B2045FE1-2F89-4EA1-8F06-21084064EE63}.Debug|Win32.ActiveCfg = Debug|Win32
		{B2045FE1-2F89-4EA1-8F06-21084064EE63}.Debug|Win32.Build.0 = Debug|Win32
		{B2045FE1-2F89-4EA1-8F06-21084064EE63}.Debug|x64.ActiveCfg = Debug|x64
		{B2045FE1-2F89-4EA1-8F06-21084064EE63}.Debug|x64.Build.0 = Debug|x64
		{B2045FE1-2F89-4EA1-8F06-21084064EE63}.Release|Win32.ActiveCfg = Release|Win32
		{B2045FE1-2F89-4EA1-8F06-21084064EE63}.Release|Win32.Build.0 = Release|Win32
		{B2045FE1-2F89-4EA1-8F06-21084064EE63}.Release|x64.ActiveCfg = Release|x64
		{B2045FE1-2F89-4EA1-8F06-21084064EE63}.Release|x64.Build.0 = Release|x64
		{BC4BC250-6314-48B2-8EF4-525F0C607881}.Debug|Win32.ActiveCfg = Debug|Win32
		{BC4BC250-6314-48B2-8EF4-525F0C607881}.Debug|Win32.Build.0 = Debug|Win32
		{BC4BC250-6314-48B2-8EF4-525F0C607881}.Debug|x64.ActiveCfg = Debug|x64
		{BC4BC250-6314-48B2-8EF4-525F0C607881}.Debug|x64.Build.0 = Debug|x64
		{BC4BC250-6314-48B2-8EF4-525F0C607881}.Release|Win32.ActiveCfg = Release|Win32
		{BC4BC250-6314-48B2-8EF4-525F0C607881}.Release|Win32.Build.0 = Release|Win32
		{BC4BC250-6314-48B2-8EF4-525F0C607881}.Release|x64.ActiveCfg = Release|x64
		{BC4BC250-6314-48B2-8EF4-525F0C607881}.Release|x64.Build.0 = Release|x64
		{5A861992-D4B4-47C5-8CDB-48F0A6DE0BFE}.Debug|Win32.ActiveCfg = Debug|Win32
		{5A861992-D4B4-47C5-8CDB-48F0A6DE0BFE}.Debug|Win32.Build.0 = Debug|Win32
		{5A861992-D4B4-47C5-8CDB-48F0A6DE0BFE}.Debug|x64.ActiveCfg = Debug|x64
		{5A861992-D4B4-47C5-8CDB-48F0A6DE0BFE}.Debug|x64.Build.0 = Debug|x64
		{5A861992-D4B4-47C5-8CDB-48F0A6DE0BFE}.Release|Win32.ActiveCfg = Release|Win32
		{5A861992-D4B4-47C5-8CDB-48F0A6DE0BFE}.Release|Win32.Build.0 = Release|Win32
		{5A861992-D4B4-47C5-8CDB-48F0A6DE0BFE}.Release|x64.ActiveCfg = Release|x64
		{5A861992-D4B4-47C5-8CDB-48F0A6DE0BFE}.Release|x64.Build.0 = Release|x64
		{8985974E-8B7B-4B49-B138-6D1DFA528D96}.Debug|Win32.ActiveCfg = Debug|Win32
		{8985974E-8B7B-4B49-B138-6D1DFA528D96}.Debug|Win32.Build.0 = Debug|Win32
		{8985974E-8B7B-4B49-B138-6D1DFA528D96}.Debug|x64.ActiveCfg = Debug|x64
		{8985974E-8B7B-4B49-B138-6D1DFA528D96}.Debug|x64.Build.0 = Debug|x64
		{8985974E-8B7B-4B49-B138-6D1DFA528D96}.Release|Win32.ActiveCfg = Release|Win32
		{8985974E-8B7B-4B49-B138-6D1DFA528D96}.Release|Win32.Build.0 = Release|Win32
		{8985974E-8B7B-4B49-B138-6D1DFA528D96}.Release|x64.ActiveCfg = Release|x64
		{8985974E-8B7B-4B49-B138-6D1DFA528D96}.Release|x64.Build.0 = Release|x64
		{6CAF91CE-790A-4E2A-BEBB-B441838C0036}.Debug|Win32.ActiveCfg = Debug|Win32
		{6CAF91CE-790A-4E2A-BEBB-B441838C0036}.Debug|Win32.Build.0 = Debug|Win32
		{6CAF91CE-790A-4E2A-BEBB-B441838C0036}.Debug|x64.ActiveCfg = Debug|x64
		{6CAF91CE-790A-4E2A-BEBB-B441838C0036}.Debug|x64.Build.0 = Debug|x64
		{6CAF91CE-790A-4E2A-BEBB-B441838C0036}.Release|Win32.ActiveCfg = Release|Win32
		{6CAF91CE-790A-4E2A-BEBB-B441838C0036}.Release|Win32.Build.0 = Release|Win32
		{6CAF91CE-790A-4E2A-BEBB-B441838C0036}.Release|x64.ActiveCfg = Release|x64
		{6CAF91CE-790A-4E2A-BEBB-B441838C0036}.Release|x64.Build.0 = Release|x64
		{BFE8F0B3-1DF4-4A0A-ABE6-B43823290222}.Debug|Win32.ActiveCfg = Debug|Win32
		{BFE8F0B3-1DF4-4A0A-ABE6-B43823290222}.Debug|Win32.Build.0 = Debug|Win32
		{BFE8F0B3-1DF4-4A0A-ABE6-B43823290222}.Debug|x64.ActiveCfg = Debug|x64
		{BFE8F0B3-1DF4-4A0A-ABE6-B43823290222}.Debug|x64.Build.0 = Debug|x64
		{BFE8F0B3-1DF4-4A0A-ABE6-B43823290222}.Release|Win32.ActiveCfg = Release|Win32
		{BFE8F0B3-1DF4-4A0A-ABE6-B43823290222}.Release|Win32.Build.0 = Release|Win32
		{BFE8F0B3-1DF4-4A0A-ABE6-B43823290222}.Release|x64.ActiveCfg = Release|x64
		{BFE8F0B3-1DF4-4A0A-ABE6-B43823290222}.Release|x64.Build.0 = Release|x64
		{22A8607C-CAAF-4669-9D64-B5EF58D6F491}.Debug|Win32.ActiveCfg = Debug|Win32
		{22A8607C-CAAF-4669-9D64-B5EF58D6F491}.Debug|Win32.Build.0 = Debug|Win32
		{22A8607C-CAAF-4669-9D64-B5EF58D6F491}.Debug|x64.ActiveCfg = Debug|x64
		{22A8607C-CAAF-4669-9D64-B5EF58D6F491}.Debug|x64.Build.0 = Debug|x64
		{22A8607C-CAAF-4669-9D64-B5EF58D6F491}.Release|Win32.ActiveCfg = Release|Win32
		{22A8607C-CAAF-4669-9D64-B5EF58D6F491}.Release|Win32.Build.0 = Release|Win32
		{22A8607C-CAAF-4669-9D64-B5EF58D6F491}.Release|x64.ActiveCfg = Release|x64
		{22A8607C-CAAF-4669-9D64-B5EF58D6F491}.Release|x64.Build.0 = Release|x64
		{D7857545-7BB7-4B61-A796-DE672FCA89E3}.Debug|Win32.ActiveCfg = Debug|Win32
		{D7857545-7BB7-4B61-A796-DE672FCA89E3}.Debug|Win32.Build.0 = Debug|Win32
		{D7857545-7BB7-4B61-A796-DE672FCA89E3}.Debug|x64.ActiveCfg = Debug|x64
		{D7857545-7BB7-4B61-A796-DE672FCA89E3}.Debug|x64.Build.0 = Debug|x64
		{D7857545-7BB7-4B61-A796-DE672FCA89E3}.Release|Win32.ActiveCfg = Release|Win32
		{D7857545-7BB7-4B61-A796-DE672FCA89E3}.Release|Win32.Build.0 = Release|Win32
		{D7857545-7BB7-4B61-A796-DE672FCA89E3}.Release|x64.ActiveCfg = Release|x64
		{D7857545-7BB7-4B61-A796-DE672FCA89E3}.Release|x64.Build.0 = Release|x64
		{1D06A74C-5C92-4F47-9C2B-8F619351A342}.Debug|Win32.ActiveCfg = Debug|Win32
		{1D06A74C-5C92-4F47-9C2B-8F619351A342}.Debug|Win32.Build.0 = Debug|Win32
		{1D06A74C-5C92-4F47-9C2B-8F619351A342}.Debug|x64.ActiveCfg = Debug|x64
		{1D06A74C-5C92-4F47-9C2B-8F619351A342}.Debug|x64.Build.0 = Debug|x64
		{1D06A74C-5C92-4F47-9C2B-8F619351A342}.Release|Win32.ActiveCfg = Release|Win32
		{1D06A74C-5C92-4F47-9C2B-8F619351A342}.Release|Win32.Build.0 = Release|Win32
		{1D06A74C-5C92-4F47-9C2B-8F619351A342}.Release|x64.ActiveCfg = Release|x64
		{1D06A74C-5C92-4F47-9C2B-8F619351A342}.Release|x64.Build.0 = Release|x64
		{B5E7D2C0-F8C7-4BFF-BC4B-AA90525DF939}.Debug|Win32.ActiveCfg = Debug|Win32
		{B5E7D2C0-F8C7-4BFF-BC4B-AA90525DF939}.Debug|Win32.Build.0 = Debug|Win32
		{B5E7D2C0-F8C7-4BFF-BC4B-AA90525DF939}.Debug|x64.ActiveCfg = Debug|x64
		{B5E7D2C0-F8C7-4BFF-BC4B-AA90525DF939}.Debug|x64.Build.0 = Debug|x64
		{B5E7D2C0-F8C7-4BFF-BC4B-AA90525DF939}.Release|Win32.ActiveCfg = Release|Win32
		{B5E7D2C0-F8C7-4BFF-BC4B-AA90525DF939}.Release|Win32.Build.0 = Release|Win32
		{B5E7D2C0-F8C7-4BFF-BC4B-AA90525DF939}.Release|x64.ActiveCfg = Release|x64
		{B5E7D2C0-F8C7-4BFF-BC4B-AA90525DF939}.Release|x64.Build.0 = Release|x64
		{80B862E2-AA7C-4650-AB9F-6D433C99791F}.Debug|Win32.ActiveCfg = Debug|Win32
		{80B862E2-AA7C-4650-AB9F-6D433C99791F}.Debug|Win32.Build.0 = Debug|Win32
		{80B862E2-AA7C-4650-AB9F-6D433C99791F}.Debug|x64.ActiveCfg = Debug|x64
		{80B862E2-AA7C-4650-AB9F-6D433C99791F}.Debug|x64.Build.0 = Debug|x64
		{80B862E2-AA7C-4650-AB9F-6D433C99791F}.Release|Win32.ActiveCfg = Release|Win32
		{80B862E2-AA7C-4650-AB9F-6D433C99791F}.Release|Win32.Build.0 = Release|Win32
		{80B862E2-AA7C-4650-AB9F-6D433C99791F}.Release|x64.ActiveCfg = Release|x64
		{80B862E2-AA7C-4650-AB9F-6D433C99791F}.Release|x64.Build.0 = Release|x64
		{5A486F0D-431D-492B-8FC4-9998E41E4BF7}.Debug|Win32.ActiveCfg = Debug|Win32
		{5A486F0D-431D-492B-8FC4-9998E41E4BF7}.Debug|Win32.Build.0 = Debug|Win32
		{5A486F0D-431D-492B-8FC4-9998E41E4BF7}.Debug|x64.ActiveCfg = Debug|x64
		{5A486F0D-431D-492B-8FC4-9998E41E4BF7}.Debug|x64.Build.0 = Debug|x64
		{5A486F0D-431D-492B-8FC4-9998E41E4BF7}.Release|Win32.ActiveCfg = Release|Win32
		{5A486F0D-431D-492B-8FC4-9998E41E4BF7}.Release|Win32.Build.0 = Release|Win32
		{5A486F0D-431D-492B-8FC4-9998E41E4BF7}.Release|x64.ActiveCfg = Release|x64
		{5A486F0D-431D-492B-8FC4-9998E41E4BF7}.Release|x64.Build.0 = Release|x64
		{25EB799B-86D1-4D6A-A016-C5A2A12703C5}.Debug|Win32.ActiveCfg = Debug|Win32
		{25EB799B-86D1-4D6A-A016-C5A2A12703C5}.Debug|Win32.Build.0 = Debug|Win32
		{25EB799B-86D1-4D6A-A016-C5A2A12703C5}.Debug|x64.ActiveCfg = Debug|x64
		{25EB799B-86D1-4D6A-A016-C5A2A12703C5}.Debug|x64.Build.0 = Debug|x64
		{25EB799B-86D1-4D6A-A016-C5A2A12703C5}.Release|Win32.ActiveCfg = Release|Win32
		{25EB799B-86D1-4D6A-A016-C5A2A12703C5}.Release|Win32.Build.0 = Release|Win32
		{25EB799B-86D1-4D6A-A016-C5A2A12703C5}.Release|x64.ActiveCfg = Release|x64
		{25EB799B-86D1-4D6A-A016-C5A2A12703C5}.Release|x64.Build.0 = Release|x64
		{E0DBF093-C974-42C5-8A27-ADA04BA8BAD5}.Debug|Win32.ActiveCfg = Debug|Win32
		{E0DBF093-C974-42C5-8A27-ADA04BA8BAD5}.Debug|Win32.Build.0 = Debug|Win32
		{E0DBF093-C974-42C5-8A27-ADA04BA8BAD5}.Debug|x64.ActiveCfg = Debug|x64
		{E0DBF093-C974-42C5-8A27-ADA04BA8BAD5}.Debug|x64.Build.0 = Debug|x64
		{E0DBF093-C974-42C5-8A27-ADA04BA8BAD5}.Release|Win32.ActiveCfg = Release|Win32
		{E0DBF093-C974-42C5-8A27-ADA04BA8BAD5}.Release|Win32.Build.0 = Release|Win32
		{E0DBF093-C974-42C5-8A27-ADA04BA8BAD5}.Release|x64.ActiveCfg = Release|x64
		{E0DBF093-C974-42C5-8A27-ADA04BA8BAD5}.Release|x64.Build.0 = Release|x64
		{DBDB5873-84F0-438B-AE51-BFB3AD7BF737}.Debug|Win32.ActiveCfg = Debug|Win32
		{DBDB5873-84F0-438B-AE51-BFB3AD7BF737}.Debug|Win32.Build.0 = Debug|Win32
		{DBDB5873-84F0-438B-AE51-BFB3AD7BF737}.Debug|x64.ActiveCfg = Debug|x64
		{DBDB5873-84F0-438B-AE51-BFB3AD7BF737}.Debug|x64.Build.0 = Debug|x64
		{DBDB5873-84F0-438B-AE51-BFB3AD7BF737}.Release|Win32.ActiveCfg = Release|Win32
		{DBDB5873-84F0-438B-AE51-BFB3AD7BF737}.Release|Win32.Build.0 = Release|Win32
		{DBDB5873-84F0-438B-AE51-BFB3AD7BF737}.Release|x64.ActiveCfg = Release|x64
		{DBDB5873-84F0-438B-AE51-BFB3AD7BF737}.Release|x64.Build.0 = Release|x64
		{B615A905-381E-431C-A19E-FB95DF0D8D5D}.Debug|Win32.ActiveCfg = Debug|Win32
		{B615A905-381E-431C-A19E-FB95DF0D8D5D}.Debug|Win32.Build.0 = Debug|Win32
		{B615A905-381E-431C-A19E-FB95DF0D8D5D}.Debug|x64.ActiveCfg = Debug|x64
		{B615A905-381E-431C-A19E-FB95DF0D8D5D}.Debug|x64.Build.0 = Debug|x64
		{B615A905-381E-431C-A19E-FB95DF0D8D5D}.Release|Win32.ActiveCfg = Release|Win32
		{B615A905-381E-431C-A19E-FB95DF0D8D5D}.Release|Win32.Build.0 = Release|Win32
		{B615A905-381E-431C-A19E-FB95DF0D8D5D}.Release|x64.ActiveCfg = Release|x64
		{B615A905-381E-431C-A19E-FB95DF0D8D5D}.Release|x64.Build.0 = Release|x64
		{D663C066-3EAA-495E-9E19-263891D0FEA5}.Debug|Win32.ActiveCfg = Debug|Win32
		{D663C066-3EAA-495E-9E19-263891D0FEA5}.Debug|Win32.Build.0 = Debug|Win32
		{D663C066-3EAA-495E-9E19-263891D0FEA5}.Debug|x64.ActiveCfg = Debug|x64
		{D663C066-3EAA-495E-9E19-263891D0FEA5}.Debug|x64.Build.0 = Debug|x64
		{D663C066-3EAA-495E-9E19-263891D0FEA5}.Release|Win32.ActiveCfg = Release|Win32
		{D663C066-3EAA-495E-9E19-263891D0FEA5}.Release|Win32.Build.0 = Release|Win32
		{D663C066-3EAA-495E-9E19-263891D0FEA5}.Release|x64.ActiveCfg = Release|x64
		{D663C066-3EAA-495E-9E19-263891D0FEA5}.Release|x64.Build.0 = Release|x64
		{1CF4EC82-57DC-4A6B-8967-A1581EAB0E4C}.Debug|Win32.ActiveCfg = Debug|Win32
		{1CF4EC82-57DC-4A6B-8967-A1581EAB0E4C}.Debug|Win32.Build.0 = Debug|Win32
		{1CF4EC82-57DC-4A6B-8967-A1581EAB0E4C}.Debug|x64.ActiveCfg = Debug|x64
		{1CF4EC82-57DC-4A6B-8967-A1581EAB0E4C}.Debug|x64.Build.0 = Debug|x64
		{1CF4EC82-57DC-4A6B-8967-A1581EAB0E4C}.Release|Win32.ActiveCfg = Release|Win32
		{1CF4EC82-57DC-4A6B-8967-A1581EAB0E4C}.Release|Win32.Build.0 = Release|Win32
		{1CF4EC82-57DC-4A6B-8967-A1581EAB0E4C}.Release|x64.ActiveCfg = Release|x64
		{1CF4EC82-57DC-4A6B-8967-A1581EAB0E4C}.Release|x64.Build.0 = Release|x64
		{99B776CE-517E-40C0-8354-74E32BFFCC49}.Debug|Win32.ActiveCfg = Debug|Win32
		{99B776CE-517E-40C0-8354-74E32BFFCC49}.Debug|Win32.Build.0 = Debug|Win32
		{99B776CE-517E-40C0-8354-74E32BFFCC49}.Debug|x64.ActiveCfg = Debug|x64
		{99B776CE-517E-40C0-8354-74E32BFFCC49}.Debug|x64.Build.0 = Debug|x64
		{99B776CE-517E-40C0-8354-74E32BFFCC49}.Release|Win32.ActiveCfg = Release|Win32
		{99B776CE-517E-40C0-8354-74E32BFFCC49}.Release|Win32.Build.0 = Release|Win32
		{99B776CE-517E-40C0-8354-74E32BFFCC49}.Release|x64.ActiveCfg = Release|x64
		{99B776CE-517E-40C0-8354-74E32BFFCC49}.Release|x64.Build.0 = Release|x64
		{728F0BE5-7482-4C0B-B298-B5CE14CC9400}.Debug|Win32.ActiveCfg = Debug|Win32
		{728F0BE5-7482-4C0B-B298-B5CE14CC9400}.Debug|Win32.Build.0 = Debug|Win32
		{728F0BE5-7482-4C0B-B298-B5CE14CC9400}.Debug|x64.ActiveCfg = Debug|x64
		{728F0BE5-7482-4C0B-B298-B5CE14CC9400}.Debug|x64.Build.0 = Debug|x64
		{728F0BE5-7482-4C0B-B298-B5CE14CC9400}.Release|Win32.ActiveCfg = Release|Win32
		{728F0BE5-7482-4C0B-B298-B5CE14CC9400}.Release|Win32.Build.0 = Release|Win32
		{728F0BE5-7482-4C0B-B298-B5CE14CC9400}.Release|x64.ActiveCfg = Release|x64
		{728F0BE5-7482-4C0B-B298-B5CE14CC9400}.Release|x64.Build.0 = Release|x64
		{F83456B5-1E8B-4798-B97E-9394037479EB}.Debug|Win32.ActiveCfg = Debug|Win32
		{F83456B5-1E8B-4798-B97E-9394037479EB}.Debug|Win32.Build.0 = Debug|Win32
		{F83456B5-1E8B-4798-B97E-9394037479EB}.Debug|x64.ActiveCfg = Debug|x64
		{F83456B5-1E8B-4798-B97E-9394037479EB}.Debug|x64.Build.0 = Debug|x64
		{F83456B5-1E8B-4798-B97E-9394037479EB}.Release|Win32.ActiveCfg = Release|Win32
		{F83456B5-1E8B-4798-B97E-9394037479EB}.Release|Win32.Build.0 = Release|Win32
		{F83456B5-1E8B-4798-B97E-9394037479EB}.Release|x64.ActiveCfg = Release|x64
		{F83456B5-1E8B-4798-B97E-9394037479EB}.Release|x64.Build.0 = Release|x64
		{4CEB49DA-FA1E-4CBD-9972-1C767D940D16}.Debug|Win32.ActiveCfg = Debug|Win32
		{4CEB49DA-FA1E-4CBD-9972-1C767D940D16}.Debug|Win32.Build.0 = Debug|Win32
		{4CEB49DA-FA1E-4CBD-9972-1C767D940D16}.Debug|x64.ActiveCfg = Debug|x64
		{4CEB49DA-FA1E-4CBD-9972-1C767D940D16}.Debug|x64.Build.0 = Debug|x64
		{4CEB49DA-FA1E-4CBD-9972-1C767D940D16}.Release|Win32.ActiveCfg = Release|Win32
		{4CEB49DA-FA1E-4CBD-9972-1C767D940D16}.Release|Win32.Build.0 = Release|Win32
		{4CEB49DA-FA1E-4CBD-9972-1C767D940D16}.Release|x64.ActiveCfg = Release|x64
		{4CEB49DA-FA1E-4CBD-9972-1C767D940D16}.Release|x64.Build.0 = Release|x64
		{A910B77B-7982-40B3-A4EC-813E5788DD77}.Debug|Win32.ActiveCfg = Debug|Win32
		{A910B77B-7982-40B3-A4EC-813E5788DD77}.Debug|Win32.Build.0 = Debug|Win32
		{A910B77B-7982-40B3-A4EC-813E5788DD77}.Debug|x64.ActiveCfg = Debug|x64
		{A910B77B-7982-40B3-A4EC-813E5788DD77}.Debug|x64.Build.0 = Debug|x64
		{A910B77B-7982-40B3-A4EC-813E5788DD77}.Release|Win32.ActiveCfg = Release|Win32
		{A910B77B-7982-40B3-A4EC-813E5788DD77}.Release|Win32.Build.0 = Release|Win32
		{A910B77B-7982-40B3-A4EC-813E5788DD77}.Release|x64.ActiveCfg = Release|x64
		{A910B77B-7982-40B3-A4EC-813E5788DD77}.Release|x64.Build.0 = Release|x64
		{198F3F33-6F5E-451C-9E11-46019566A0CF}.Debug|Win32.ActiveCfg = Debug|Win32
		{198F3F33-6F5E-451C-9E11-46019566A0CF}.Debug|Win32.Build.0 = Debug|Win32
		{198F3F33-6F5E-451C-9E11-46019566A0CF}.Debug|x64.ActiveCfg = Debug|x64
		{198F3F33-6F5E-451C-9E11-46019566A0CF}.Debug|x64.Build.0 = Debug|x64
		{198F3F33-6F5E-451C-9E11-46019566A0CF}.Release|Win32.ActiveCfg = Release|Win32
		{198F3F33-6F5E-451C-9E11-46019566A0CF}.Release|Win32.Build.0 = Release|Win32
		{198F3F33-6F5E-451C-9E11-46019566A0CF}.Release|x64.ActiveCfg = Release|x64
		{198F3F33-6F5E-451C-9E11-46019566A0CF}.Release|x64.Build.0 = Release|x64
		{69FD4C7D-600C-49C6-BB75-F89DF1A67CA7}.Debug|Win32.ActiveCfg = Debug|Win32
		{69FD4C7D-600C-49C6-BB75-F89DF1A67CA7}.Debug|Win32.Build.0 = Debug|Win32
		{69FD4C7D-600C-49C6-BB75-F89DF1A67CA7}.Debug|x64.ActiveCfg = Debug|x64
		{69FD4C7D-600C-49C6-BB75-F89DF1A67CA7}.Debug|x64.Build.0 = Debug|x64
		{69FD4C7D-600C-49C6-BB75-F89DF1A67CA7}.Release|Win32.ActiveCfg = Release|Win32
		{69FD4C7D-600C-49C6-BB75-F89DF1A67CA7}.Release|Win32.Build.0 = Release|Win32
		{69FD4C7D-600C-49C6-BB75-F89DF1A67CA7}.Release|x64.ActiveCfg = Release|x64
		{69FD4C7D-600C-49C6-BB75-F89DF1A67CA7}.Release|x64.Build.0 = Release|x64
		{06548717-49DE-46D5-A8EC-E5218148137B}.Debug|Win32.ActiveCfg = Debug|Win32
		{06548717-49DE-46D5-A8EC-E5218148137B}.Debug|Win32.Build.0 = Debug|Win32
		{06548717-49DE-46D5-A8EC-E5218148137B}.Debug|x64.ActiveCfg = Debug|x64
		{06548717-49DE-46D5-A8EC-E5218148137B}.Debug|x64.Build.0 = Debug|x64
		{06548717-49DE-46D5-A8EC-E5218148137B}.Release|Win32.ActiveCfg = Release|Win32
		{06548717-49DE-46D5-A8EC-E5218148137B}.Release|Win32.Build.0 = Release|Win32
		{06548717-49DE-46D5-A8EC-E5218148137B}.Release|x64.ActiveCfg = Release|x64
		{06548717-49DE-46D5-A8EC-E5218148137B}.Release|x64.Build.0 = Release|x64
		{FBA298CD-ED72-4F63-9694-9123674369D9}.Debug|Win32.ActiveCfg = Debug|Win32
		{FBA298CD-ED72-4F63-9694-9123674369D9}.Debug|Win32.Build.0 = Debug|Win32
		{FBA298CD-ED72-4F63-9694-9123674369D9}.Debug|x64.ActiveCfg = Debug|x64
		{FBA298CD-ED72-4F63-9694-9123674369D9}.Debug|x64.Build.0 = Debug|x64
		{FBA298CD-ED72-4F63-9694-9123674369D9}.Release|Win32.ActiveCfg = Release|Win32
		{FBA298CD-ED72-4F63-9694-9123674369D9}.Release|Win32.Build.0 = Release|Win32
		{FBA298CD-ED72-4F63-9694-9123674369D9}.Release|x64.ActiveCfg = Release|x64
		{FBA298CD-ED72-4F63-9694-9123674369D9}.Release|x64.Build.0 = Release|x64
		{69F4670D-9D42-44AA-9231-2A013CA9E4B6}.Debug|Win32.ActiveCfg = Debug|Win32
		{69F4670D-9D42-44AA-9231-2A013CA9E4B6}.Debug|Win32.Build.0 = Debug|Win32
		{69F4670D-9D42-44AA-9231-2A013CA9E4B6}.Debug|x64.ActiveCfg = Debug|x64
		{69F4670D-9D42-44AA-9231-2A013CA9E4B6}.Debug|x64.Build.0 = Debug|x64
		{69F4670D-9D42-44AA-9231-2A013CA9E4B6}.Release|Win32.ActiveCfg = Release|Win32
		{69F4670D-9D42-44AA-9231-2A013CA9E4B6}.Release|Win32.Build.0 = Release|Win32
		{69F4670D-9D42-44AA-9231-2A013CA9E4B6}.Release|x64.ActiveCfg = Release|x64
		{69F4670D-9D42-44AA-9231-2A013CA9E4B6}.Release|x64.Build.0 = Release|x64
		{A2E212F9-0B2D-4021-85A3-6C67456B947C}.Debug|Win32.ActiveCfg = Debug|Win32
		{A2E212F9-0B2D-4021-85A3-6C67456B947C}.Debug|Win32.Build.0 = Debug|Win32
		{A2E212F9-0B2D-4021-85A3-6C67456B947C}.Debug|x64.ActiveCfg = Debug|x64
		{A2E212F9-0B2D-4021-85A3-6C67456B947C}.Debug|x64.Build.0 = Debug|x64
		{A2E212F9-0B2D-4021-85A3-6C67456B947C}.Release|Win32.ActiveCfg = Release|Win32
		{A2E212F9-0B2D-4021-85A3-6C67456B947C}.Release|Win32.Build.0 = Release|Win32
		{A2E212F9-0B2D-4021-85A3-6C67456B947C}.Release|x64.ActiveCfg = Release|x64
		{A2E212F9-0B2D-4021-85A3-6C67456B947C}.Release|x64.Build.0 = Release|x64
		{239B9AE4-18DF-4EFE-A4CE-3CA086764535}.Debug|Win32.ActiveCfg = Debug|Win32
		{239B9AE4-18DF-4EFE-A4CE-3CA086764535}.Debug|Win32.Build.0 = Debug|Win32
		{239B9AE4-18DF-4EFE-A4CE-3CA086764535}.Debug|x64.ActiveCfg = Debug|x64
		{239B9AE4-18DF-4EFE-A4CE-3CA086764535}.Debug|x64.Build.0 = Debug|x64
		{239B9AE4-18DF-4EFE-A4CE-3CA086764535}.Release|Win32.ActiveCfg = Release|Win32
		{239B9AE4-18DF-4EFE-A4CE-3CA086764535}.Release|Win32.Build.0 = Release|Win32
		{239B9AE4-18DF-4EFE-A4CE-3CA086764535}.Release|x64.ActiveCfg = Release|x64
		{239B9AE4-18DF-4EFE-A4CE-3CA086764535}.Release|x64.Build.0 = Release|x64
		{F68A65F8-FAD3-421A-9083-6AC50F9B2B0B}.Debug|Win32.ActiveCfg = Debug|Win32
		{F68A65F8-FAD3-421A-9083-6AC50F9B2B0B}.Debug|Win32.Build.0 = Debug|Win32
		{F68A65F8-FAD3-421A-9083-6AC50F9B2B0B}.Debug|x64.ActiveCfg = Debug|x64
		{F68A65F8-FAD3-421A-9083-6AC50F9B2B0B}.Debug|x64.Build.0 = Debug|x64
		{F68A65F8-FAD3-421A-9083-6AC50F9B2B0B}.Release|Win32.ActiveCfg = Release|Win32
		{F68A65F8-FAD3-421A-9083-6AC50F9B2B0B}.Release|Win32.Build.0 = Release|Win32
		{F68A65F8-FAD3-421A-9083-6AC50F9B2B0B}.Release|x64.ActiveCfg = Release|x64
		{F68A65F8-FAD3-421A-9083-6AC50F9B2B0B}.Release|x64.Build.0 = Release|x64
		{8414C743-3B84-45D9-BAFE-B8B4FB97C0FF}.Debug|Win32.ActiveCfg = Debug|Win32
		{8414C743-3B84-45D9-BAFE-B8B4FB97C0FF}.Debug|Win32.Build.0 = Debug|Win32
		{8414C743-3B84-45D9-BAFE-B8B4FB97C0FF}.Debug|x64.ActiveCfg = Debug|x64
		{8414C743-3B84-45D9-BAFE-B8B4FB97C0FF}.Debug|x64.Build.0 = Debug|x64
		{8414C743-3B84-45D9-BAFE-B8B4FB97C0FF}.Release|Win32.ActiveCfg = Release|Win32
		{8414C743-3B84-45D9-BAFE-B8B4FB97C0FF}.Release|Win32.Build.0 = Release|Win32
		{8414C743-3B84-45D9-BAFE-B8B4FB97C0FF}.Release|x64.ActiveCfg = Release|x64
		{8414C743-3B84-45D9-BAFE-B8B4FB97C0FF}.Release|x64.Build.0 = Release|x64
		{7A0FCBEF-7D03-49F7-AFB7-11D0F5F4B57E}.Debug|Win32.ActiveCfg = Debug|Win32
		{7A0FCBEF-7D03-49F7-AFB7-11D0F5F4B57E}.Debug|Win32.Build.0 = Debug|Win32
		{7A0FCBEF-7D03-49F7-AFB7-11D0F5F4B57E}.Debug|x64.ActiveCfg = Debug|x64
		{7A0FCBEF-7D03-49F7-AFB7-11D0F5F4B57E}.Debug|x64.Build.0 = Debug|x64
		{7A0FCBEF-7D03-49F7-AFB7-11D0F5F4B57E}.Release|Win32.ActiveCfg = Release|Win32
		{7A0FCBEF-7D03-49F7-AFB7-11D0F5F4B57E}.Release|Win32.Build.0 = Release|Win32
		{7A0FCBEF-7D03-49F7-AFB7-11D0F5F4B57E}.Release|x64.ActiveCfg = Release|x64
		{7A0FCBEF-7D03-49F7-AFB7-11D0F5F4B57E}.Release|x64.Build.0 = Release|x64
		{B49B2B26-D136-47DC-BB71-FD5B45839BA3}.Debug|Win32.ActiveCfg = Debug|Win32
		{B49B2B26-D136-47DC-BB71-FD5B45839BA3}.Debug|Win32.Build.0 = Debug|Win32
		{B49B2B26-D136-47DC-BB71-FD5B45839BA3}.Debug|x64.ActiveCfg = Debug|x64
		{B49B2B26-D136-47DC-BB71-FD5B45839BA3}.Debug|x64.Build.0 = Debug|x64
		{B49B2B26-D136-47DC-BB71-FD5B45839BA3}.Release|Win32.ActiveCfg = Release|Win32
		{B49B2B26-D136-47DC-BB71-FD5B45839BA3}.Release|Win32.Build.0 = Release|Win32
		{B49B2B26-D136-47DC-BB71-FD5B45839BA3}.Release|x64.ActiveCfg = Release|x64
		{B49B2B26-D136-47DC-BB71-FD5B45839BA3}.Release|x64.Build.0 = Release|x64
		{60174D2B-FBD6-47B6-B9A5-A6380A813697}.Debug|Win32.ActiveCfg = Debug|Win32
		{60174D2B-FBD6-47B6-B9A5-A6380A813697}.Debug|Win32.Build.0 = Debug|Win32
		{60174D2B-FBD6-47B6-B9A5-A6380A813697}.Debug|x64.ActiveCfg = Debug|x64
		{60174D2B-FBD6-47B6-B9A5-A6380A813697}.Debug|x64.Build.0 = Debug|x64
		{60174D2B-FBD6-47B6-B9A5-A6380A813697}.Release|Win32.ActiveCfg = Release|Win32
		{60174D2B-FBD6-47B6-B9A5-A6380A813697}.Release|Win32.Build.0 = Release|Win32
		{60174D2B-FBD6-47B6-B9A5-A6380A813697}.Release|x64.ActiveCfg = Release|x64
		{60174D2B-FBD6-47B6-B9A5-A6380A813697}.Release|x64.Build.0 = Release|x64
		{75512762-C033-449F-B3A2-6B05BCD0525D}.Debug|Win32.ActiveCfg = Debug|Win32
		{75512762-C033-449F-B3A2-6B05BCD0525D}.Debug|Win32.Build.0 = Debug|Win32
		{75512762-C033-449F-B3A2-6B05BCD0525D}.Debug|x64.ActiveCfg = Debug|x64
		{75512762-C033-449F-B3A2-6B05BCD0525D}.Debug|x64.Build.0 = Debug|x64
		{75512762-C033-449F-B3A2-6B05BCD0525D}.Release|Win32.ActiveCfg = Release|Win32
		{75512762-C033-449F-B3A2-6B05BCD0525D}.Release|Win32.Build.0 = Release|Win32
		{75512762-C033-449F-B3A2-6B05BCD0525D}.Release|x64.ActiveCfg = Release|x64
		{75512762-C033-449F-B3A2-6B05BCD0525D}.Release|x64.Build.0 = Release|x64
		{BA46ACD7-FA25-4CA5-BBEE-C73505DE2D2E}.Debug|Win32.ActiveCfg = Debug|Win32
		{BA46ACD7-FA25-4CA5-BBEE-C73505DE2D2E}.Debug|Win32.Build.0 = Debug|Win32
		{BA46ACD7-FA25-4CA5-BBEE-C73505DE2D2E}.Debug|x64.ActiveCfg = Debug|x64
		{BA46ACD7-FA25-4CA5-BBEE-C73505DE2D2E}.Debug|x64.Build.0 = Debug|x64
		{BA46ACD7-FA25-4CA5-BBEE-C73505DE2D2E}.Release|Win32.ActiveCfg = Release|Win32
		{BA46ACD7-FA25-4CA5-BBEE-C73505DE2D2E}.Release|Win32.Build.0 = Release|Win32
		{BA46ACD7-FA25-4CA5-BBEE-C73505DE2D2E}.Release|x64.ActiveCfg = Release|x64
		{BA46ACD7-FA25-4CA5-BBEE-C73505DE2D2E}.Release|x64.Build.0 = Release|x64
		{2CD4AB1A-CA64-4DD4-9366-A903702D60B7}.Debug|Win32.ActiveCfg = Debug|Win32
		{2CD4AB1A-CA64-4DD4-9366-A903702D60B7}.Debug|Win32.Build.0 = Debug|Win32
		{2CD4AB1A-CA64-4DD4-9366-A903702D60B7}.Debug|x64.ActiveCfg = Debug|x64
		{2CD4AB1A-CA64-4DD4-9366-A903702D60B7}.Debug|x64.Build.0 = Debug|x64
		{2CD4AB1A-CA64-4DD4-9366-A903702D60B7}.Release|Win32.ActiveCfg = Release|Win32
		{2CD4AB1A-CA64-4DD4-9366-A903702D60B7}.Release|Win32.Build.0 = Release|Win32
		{2CD4AB1A-CA64-4DD4-9366-A903702D60B7}.Release|x64.ActiveCfg = Release|x64
		{2CD4AB1A-CA64-4DD4-9366-A903702D60B7}.Release|x64.Build.0 = Release|x64
	EndGlobalSection
	GlobalSection(SolutionProperties) = preSolution
		HideSolutionNode = FALSE
	EndGlobalSection
	GlobalSection(NestedProjects) = preSolution
		{8C325F6E-862C-44AA-9F05-7A1ECF6267DF} = {BE81E1D6-288C-484E-9D36-DC7BA24B2A0B}
		{892B67BA-F721-4C46-BD58-02D288B0B349} = {BE81E1D6-288C-484E-9D36-DC7BA24B2A0B}
		{1B4C9531-2F16-4A17-A174-9BFB4F3F7C57} = {892B67BA-F721-4C46-BD58-02D288B0B349}
		{532527BD-483F-4332-AA52-0D2208DFDC9C} = {892B67BA-F721-4C46-BD58-02D288B0B349}
		{F9B19E5E-9D7F-4477-BE60-052E406B8C2C} = {892B67BA-F721-4C46-BD58-02D288B0B349}
		{D3D25932-5343-4B11-84A9-3AB5130B2919} = {892B67BA-F721-4C46-BD58-02D288B0B349}
		{F736C1ED-41F3-4B7B-88D2-44031584C5C1} = {892B67BA-F721-4C46-BD58-02D288B0B349}
		{46308C26-0635-46A0-B346-15A62B3A2A49} = {892B67BA-F721-4C46-BD58-02D288B0B349}
		{1E08D755-5776-4A26-8A5E-B5F1E652CD7D} = {892B67BA-F721-4C46-BD58-02D288B0B349}
		{5A0EDD04-4351-4C2A-ACAB-9F44239B7CD4} = {BE81E1D6-288C-484E-9D36-DC7BA24B2A0B}
		{4C3D645A-4A80-487B-BE5D-20B947DF1436} = {5A0EDD04-4351-4C2A-ACAB-9F44239B7CD4}
		{78CB4CF9-2884-4D80-BC72-274622887AE4} = {5A0EDD04-4351-4C2A-ACAB-9F44239B7CD4}
		{688AE3DB-416E-4550-A11D-4B605EF3A648} = {5A0EDD04-4351-4C2A-ACAB-9F44239B7CD4}
		{E0E3FFFE-D8AF-4076-A3C6-3D09AE3F82D0} = {5A0EDD04-4351-4C2A-ACAB-9F44239B7CD4}
		{08647B99-3269-4556-8A97-D7DA76D16422} = {5A0EDD04-4351-4C2A-ACAB-9F44239B7CD4}
		{FC373A70-F95E-4297-9432-9CF613C6D766} = {5A0EDD04-4351-4C2A-ACAB-9F44239B7CD4}
		{351F017B-4824-4145-A025-BF970C88D961} = {5A0EDD04-4351-4C2A-ACAB-9F44239B7CD4}
		{12345967-F55B-40B6-838E-0BFBF8869389} = {5A0EDD04-4351-4C2A-ACAB-9F44239B7CD4}
		{00268566-9D17-41D6-8F70-20808B8C9E4B} = {5A0EDD04-4351-4C2A-ACAB-9F44239B7CD4}
		{2AD0F159-F99E-43F8-86CC-C672B2C4AEA4} = {5A0EDD04-4351-4C2A-ACAB-9F44239B7CD4}
		{2D78E790-36F2-4FDE-BF2A-EE538B20061E} = {5A0EDD04-4351-4C2A-ACAB-9F44239B7CD4}
		{32B366EB-FF37-4433-B705-312A057E6155} = {5A0EDD04-4351-4C2A-ACAB-9F44239B7CD4}
		{E7F0702D-34A5-4B9B-994B-1B2442AF6B58} = {5A0EDD04-4351-4C2A-ACAB-9F44239B7CD4}
		{957AE24D-339D-4CDD-B057-CEA7897D66B2} = {5A0EDD04-4351-4C2A-ACAB-9F44239B7CD4}
		{51BDF209-A770-4564-968D-6001BD927B2D} = {5A0EDD04-4351-4C2A-ACAB-9F44239B7CD4}
		{3AED0F63-4330-4F66-B432-EC4BF5F54388} = {5A0EDD04-4351-4C2A-ACAB-9F44239B7CD4}
		{B51A739B-8AF1-4BF2-83C0-188899E23FAB} = {5A0EDD04-4351-4C2A-ACAB-9F44239B7CD4}
		{07A46C78-1B1A-4034-81D8-22B45D8FD879} = {BE81E1D6-288C-484E-9D36-DC7BA24B2A0B}
		{955EE8CA-240E-4A3F-B2FD-180791124F1D} = {8C325F6E-862C-44AA-9F05-7A1ECF6267DF}
		{A947A48D-17A1-4A4D-BB75-6E80D6058906} = {892B67BA-F721-4C46-BD58-02D288B0B349}
		{FA6B66D1-160F-4623-9560-C579721DE260} = {8C325F6E-862C-44AA-9F05-7A1ECF6267DF}
		{B2045FE1-2F89-4EA1-8F06-21084064EE63} = {8C325F6E-862C-44AA-9F05-7A1ECF6267DF}
		{BC4BC250-6314-48B2-8EF4-525F0C607881} = {8C325F6E-862C-44AA-9F05-7A1ECF6267DF}
		{5A861992-D4B4-47C5-8CDB-48F0A6DE0BFE} = {8C325F6E-862C-44AA-9F05-7A1ECF6267DF}
		{8985974E-8B7B-4B49-B138-6D1DFA528D96} = {8C325F6E-862C-44AA-9F05-7A1ECF6267DF}
		{6CAF91CE-790A-4E2A-BEBB-B441838C0036} = {8C325F6E-862C-44AA-9F05-7A1ECF6267DF}
		{BFE8F0B3-1DF4-4A0A-ABE6-B43823290222} = {8C325F6E-862C-44AA-9F05-7A1ECF6267DF}
		{22A8607C-CAAF-4669-9D64-B5EF58D6F491} = {8C325F6E-862C-44AA-9F05-7A1ECF6267DF}
		{D7857545-7BB7-4B61-A796-DE672FCA89E3} = {8C325F6E-862C-44AA-9F05-7A1ECF6267DF}
		{1D06A74C-5C92-4F47-9C2B-8F619351A342} = {8C325F6E-862C-44AA-9F05-7A1ECF6267DF}
		{B5E7D2C0-F8C7-4BFF-BC4B-AA90525DF939} = {8C325F6E-862C-44AA-9F05-7A1ECF6267DF}
		{80B862E2-AA7C-4650-AB9F-6D433C99791F} = {8C325F6E-862C-44AA-9F05-7A1ECF6267DF}
		{5A486F0D-431D-492B-8FC4-9998E41E4BF7} = {892B67BA-F721-4C46-BD58-02D288B0B349}
		{25EB799B-86D1-4D6A-A016-C5A2A12703C5} = {892B67BA-F721-4C46-BD58-02D288B0B349}
		{58BAD2C0-2DB0-49A2-AF96-09316A8487C2} = {07A46C78-1B1A-4034-81D8-22B45D8FD879}
		{61AB718E-7C05-4BE6-873E-7EB26ED0FBCD} = {07A46C78-1B1A-4034-81D8-22B45D8FD879}
		{E0DBF093-C974-42C5-8A27-ADA04BA8BAD5} = {892B67BA-F721-4C46-BD58-02D288B0B349}
		{3B9B807C-120F-457D-AE0B-E6BF405B6784} = {BE81E1D6-288C-484E-9D36-DC7BA24B2A0B}
		{DBDB5873-84F0-438B-AE51-BFB3AD7BF737} = {892B67BA-F721-4C46-BD58-02D288B0B349}
		{B615A905-381E-431C-A19E-FB95DF0D8D5D} = {892B67BA-F721-4C46-BD58-02D288B0B349}
		{D663C066-3EAA-495E-9E19-263891D0FEA5} = {892B67BA-F721-4C46-BD58-02D288B0B349}
		{DFA2CDDC-8413-494A-85C8-0021F8F38C60} = {07A46C78-1B1A-4034-81D8-22B45D8FD879}
		{1CF4EC82-57DC-4A6B-8967-A1581EAB0E4C} = {892B67BA-F721-4C46-BD58-02D288B0B349}
		{99B776CE-517E-40C0-8354-74E32BFFCC49} = {892B67BA-F721-4C46-BD58-02D288B0B349}
		{728F0BE5-7482-4C0B-B298-B5CE14CC9400} = {892B67BA-F721-4C46-BD58-02D288B0B349}
		{F83456B5-1E8B-4798-B97E-9394037479EB} = {8C325F6E-862C-44AA-9F05-7A1ECF6267DF}
		{4CEB49DA-FA1E-4CBD-9972-1C767D940D16} = {8C325F6E-862C-44AA-9F05-7A1ECF6267DF}
		{A910B77B-7982-40B3-A4EC-813E5788DD77} = {8C325F6E-862C-44AA-9F05-7A1ECF6267DF}
		{198F3F33-6F5E-451C-9E11-46019566A0CF} = {8C325F6E-862C-44AA-9F05-7A1ECF6267DF}
		{69FD4C7D-600C-49C6-BB75-F89DF1A67CA7} = {8C325F6E-862C-44AA-9F05-7A1ECF6267DF}
		{06548717-49DE-46D5-A8EC-E5218148137B} = {8C325F6E-862C-44AA-9F05-7A1ECF6267DF}
		{FBA298CD-ED72-4F63-9694-9123674369D9} = {8C325F6E-862C-44AA-9F05-7A1ECF6267DF}
		{69F4670D-9D42-44AA-9231-2A013CA9E4B6} = {4783E72A-7C0F-45A8-83A9-8ED286389AAA}
		{A2E212F9-0B2D-4021-85A3-6C67456B947C} = {4783E72A-7C0F-45A8-83A9-8ED286389AAA}
		{239B9AE4-18DF-4EFE-A4CE-3CA086764535} = {4783E72A-7C0F-45A8-83A9-8ED286389AAA}
		{F68A65F8-FAD3-421A-9083-6AC50F9B2B0B} = {4783E72A-7C0F-45A8-83A9-8ED286389AAA}
		{8414C743-3B84-45D9-BAFE-B8B4FB97C0FF} = {4783E72A-7C0F-45A8-83A9-8ED286389AAA}
		{7A0FCBEF-7D03-49F7-AFB7-11D0F5F4B57E} = {4783E72A-7C0F-45A8-83A9-8ED286389AAA}
		{B49B2B26-D136-47DC-BB71-FD5B45839BA3} = {4783E72A-7C0F-45A8-83A9-8ED286389AAA}
		{60174D2B-FBD6-47B6-B9A5-A6380A813697} = {4783E72A-7C0F-45A8-83A9-8ED286389AAA}
		{75512762-C033-449F-B3A2-6B05BCD0525D} = {4783E72A-7C0F-45A8-83A9-8ED286389AAA}
		{BA46ACD7-FA25-4CA5-BBEE-C73505DE2D2E} = {4783E72A-7C0F-45A8-83A9-8ED286389AAA}
		{2CD4AB1A-CA64-4DD4-9366-A903702D60B7} = {4783E72A-7C0F-45A8-83A9-8ED286389AAA}
	EndGlobalSection
	GlobalSection(ExtensibilityGlobals) = postSolution
		SolutionGuid = {8250DDFB-05F2-4222-8537-ABA9B5B70445}
	EndGlobalSection
EndGlobal
